<?xml version="1.0" encoding="utf-8"?>
<Project ToolsVersion="4.0" xmlns="http://schemas.microsoft.com/developer/msbuild/2003">
  <ItemGroup>
    <Filter Include="Header Files">
      <UniqueIdentifier>{93995380-89BD-4b04-88EB-625FBE52EBFB}</UniqueIdentifier>
      <Extensions>h;hh;hpp;hxx;hm;inl;inc;xsd</Extensions>
    </Filter>
    <Filter Include="LongUI">
      <UniqueIdentifier>{049b19bb-58a5-4ba5-b11d-fe8f181dd2d0}</UniqueIdentifier>
    </Filter>
    <Filter Include="LongUI\Header">
      <UniqueIdentifier>{3cd6f68b-2622-4956-9817-1cfad09905d4}</UniqueIdentifier>
    </Filter>
    <Filter Include="LongUI\Header\Control">
      <UniqueIdentifier>{a7147101-f6a6-45a8-8937-d743b5b358bb}</UniqueIdentifier>
    </Filter>
    <Filter Include="LongUI\Source">
      <UniqueIdentifier>{31fb1c29-dfad-4ad6-a04f-43e567b23084}</UniqueIdentifier>
    </Filter>
    <Filter Include="LongUI\Header\Component">
      <UniqueIdentifier>{1019e09f-9b5a-4869-ac5f-98ba1267315b}</UniqueIdentifier>
    </Filter>
    <Filter Include="LongUI\Header\Util">
      <UniqueIdentifier>{8530eb64-27a6-4cb3-9985-c27e16d68d0b}</UniqueIdentifier>
    </Filter>
    <Filter Include="LongUI\Header\Core">
      <UniqueIdentifier>{b2b62a3b-fd2e-4f73-86f9-0520a03977e2}</UniqueIdentifier>
    </Filter>
    <Filter Include="LongUI\Source\XImpl">
      <UniqueIdentifier>{37daa815-be43-4dff-9355-722b87cdc6e5}</UniqueIdentifier>
    </Filter>
    <Filter Include="LongUI\Source\XUtil">
      <UniqueIdentifier>{8c40abff-de0b-4b67-ae06-09ca642d82a3}</UniqueIdentifier>
    </Filter>
    <Filter Include="LongUI\Source\XCtrl">
      <UniqueIdentifier>{5148d48e-6645-4283-84ab-94ef29cb7ed7}</UniqueIdentifier>
    </Filter>
    <Filter Include="LongUI\Source Files">
      <UniqueIdentifier>{4FC737F1-C7A5-4376-A066-2A32D752A2FF}</UniqueIdentifier>
      <Extensions>cpp;c;cc;cxx;def;odl;idl;hpj;bat;asm;asmx</Extensions>
    </Filter>
    <Filter Include="LongUI\Header\Control\Container">
      <UniqueIdentifier>{7027308b-fcde-4621-8620-715dec020f1d}</UniqueIdentifier>
    </Filter>
  </ItemGroup>
  <ItemGroup>
    <ClInclude Include="..\include\longuiconf.h">
      <Filter>Header Files</Filter>
    </ClInclude>
    <ClInclude Include="..\include\LongUI.h">
      <Filter>Header Files</Filter>
    </ClInclude>
    <ClInclude Include="..\include\Component\Text.h">
      <Filter>LongUI\Header\Component</Filter>
    </ClInclude>
    <ClInclude Include="..\include\Component\EditaleText.h">
      <Filter>LongUI\Header\Component</Filter>
    </ClInclude>
    <ClInclude Include="..\include\Component\Element.h">
      <Filter>LongUI\Header\Component</Filter>
    </ClInclude>
    <ClInclude Include="..\include\Control\UIRichEdit.h">
      <Filter>LongUI\Header\Control</Filter>
    </ClInclude>
    <ClInclude Include="..\include\Control\UIScrollBar.h">
      <Filter>LongUI\Header\Control</Filter>
    </ClInclude>
    <ClInclude Include="..\include\Control\UISlider.h">
      <Filter>LongUI\Header\Control</Filter>
    </ClInclude>
    <ClInclude Include="..\include\Control\UIText.h">
      <Filter>LongUI\Header\Control</Filter>
    </ClInclude>
    <ClInclude Include="..\include\Control\UIButton.h">
      <Filter>LongUI\Header\Control</Filter>
    </ClInclude>
    <ClInclude Include="..\include\Control\UICheckBox.h">
      <Filter>LongUI\Header\Control</Filter>
    </ClInclude>
    <ClInclude Include="..\include\Control\UIEdit.h">
      <Filter>LongUI\Header\Control</Filter>
    </ClInclude>
    <ClInclude Include="..\include\Core\UIInterface.h">
      <Filter>LongUI\Header\Core</Filter>
    </ClInclude>
    <ClInclude Include="..\include\Core\UIManager.h">
      <Filter>LongUI\Header\Core</Filter>
    </ClInclude>
    <ClInclude Include="..\include\Core\UIMarginalable.h">
      <Filter>LongUI\Header\Core</Filter>
    </ClInclude>
    <ClInclude Include="..\include\Core\UIContainer.h">
      <Filter>LongUI\Header\Core</Filter>
    </ClInclude>
    <ClInclude Include="..\include\Core\UIControl.h">
      <Filter>LongUI\Header\Core</Filter>
    </ClInclude>
    <ClInclude Include="..\include\Util\UIInput.h">
      <Filter>LongUI\Header\Util</Filter>
    </ClInclude>
    <ClInclude Include="..\include\Util\UITextRenderer.h">
      <Filter>LongUI\Header\Util</Filter>
    </ClInclude>
    <ClInclude Include="..\include\Util\UIUtilClass.h">
      <Filter>LongUI\Header\Util</Filter>
    </ClInclude>
    <ClInclude Include="..\include\Util\UIUtilDX.h">
      <Filter>LongUI\Header\Util</Filter>
    </ClInclude>
    <ClInclude Include="..\include\Util\UIUtilEzContainer.h">
      <Filter>LongUI\Header\Util</Filter>
    </ClInclude>
    <ClInclude Include="..\include\Util\UIUtilHelper.h">
      <Filter>LongUI\Header\Util</Filter>
    </ClInclude>
    <ClInclude Include="..\include\Util\UIUtilMethod.h">
      <Filter>LongUI\Header\Util</Filter>
    </ClInclude>
    <ClInclude Include="..\include\Util\UIUtilSvg.h">
      <Filter>LongUI\Header\Util</Filter>
    </ClInclude>
    <ClInclude Include="..\include\Util\UIAnimation.h">
      <Filter>LongUI\Header\Util</Filter>
    </ClInclude>
    <ClInclude Include="..\include\Util\UIDataObject.h">
      <Filter>LongUI\Header\Util</Filter>
    </ClInclude>
    <ClInclude Include="..\include\Util\UIDropSource.h">
      <Filter>LongUI\Header\Util</Filter>
    </ClInclude>
    <ClInclude Include="..\include\Util\UIInlineObject.h">
      <Filter>LongUI\Header\Util</Filter>
    </ClInclude>
    <ClInclude Include="..\include\Core\UIString.h">
      <Filter>LongUI\Header\Core</Filter>
    </ClInclude>
    <ClInclude Include="..\include\Control\UIContainerBuiltIn.h">
      <Filter>LongUI\Header\Control\Container</Filter>
    </ClInclude>
    <ClInclude Include="..\include\Control\UILinearLayout.h">
      <Filter>LongUI\Header\Control\Container</Filter>
    </ClInclude>
    <ClInclude Include="..\include\Control\UIList.h">
      <Filter>LongUI\Header\Control\Container</Filter>
    </ClInclude>
    <ClInclude Include="..\include\Control\UIWindow.h">
      <Filter>LongUI\Header\Control\Container</Filter>
    </ClInclude>
    <ClInclude Include="..\include\Control\UIMenu.h">
      <Filter>LongUI\Header\Control\Container</Filter>
    </ClInclude>
    <ClInclude Include="..\include\Component\Video.h">
      <Filter>LongUI\Header\Component</Filter>
    </ClInclude>
  </ItemGroup>
  <ItemGroup>
    <ClCompile Include="..\src\ControlCore.cpp">
      <Filter>LongUI\Source</Filter>
    </ClCompile>
    <ClCompile Include="..\src\main.cpp">
      <Filter>LongUI\Source</Filter>
    </ClCompile>
    <ClCompile Include="..\src\UIManager.cpp">
      <Filter>LongUI\Source</Filter>
    </ClCompile>
    <ClCompile Include="..\src\UIRenderQueue_Loader.cpp">
      <Filter>LongUI\Source</Filter>
    </ClCompile>
    <ClCompile Include="..\src\UIWindow.cpp">
      <Filter>LongUI\Source</Filter>
    </ClCompile>
    <ClCompile Include="..\src\_LongUIAllInOne.cpp">
      <Filter>LongUI\Source Files</Filter>
    </ClCompile>
    <ClCompile Include="..\src\ComponentImpl.cpp">
      <Filter>LongUI\Source\XImpl</Filter>
    </ClCompile>
    <ClCompile Include="..\src\ContainerImpl.cpp">
      <Filter>LongUI\Source\XImpl</Filter>
    </ClCompile>
    <ClCompile Include="..\src\ControlImpl1.cpp">
      <Filter>LongUI\Source\XImpl</Filter>
    </ClCompile>
    <ClCompile Include="..\src\InlineObjImpl.cpp">
      <Filter>LongUI\Source\XImpl</Filter>
    </ClCompile>
    <ClCompile Include="..\src\UIUtil.cpp">
      <Filter>LongUI\Source\XUtil</Filter>
    </ClCompile>
    <ClCompile Include="..\src\UIUtil2.cpp">
      <Filter>LongUI\Source\XUtil</Filter>
    </ClCompile>
    <ClCompile Include="..\src\UIUtilDX.cpp">
      <Filter>LongUI\Source\XUtil</Filter>
    </ClCompile>
    <ClCompile Include="..\src\UIUtilSvg.cpp">
      <Filter>LongUI\Source\XUtil</Filter>
    </ClCompile>
    <ClCompile Include="..\src\UICheckBox.cpp">
      <Filter>LongUI\Source\XCtrl</Filter>
    </ClCompile>
    <ClCompile Include="..\src\UIList.cpp">
      <Filter>LongUI\Source\XCtrl</Filter>
    </ClCompile>
    <ClCompile Include="..\src\UIRichEdit.cpp">
      <Filter>LongUI\Source\XCtrl</Filter>
    </ClCompile>
    <ClCompile Include="..\src\UISlider.cpp">
      <Filter>LongUI\Source\XCtrl</Filter>
    </ClCompile>
    <ClCompile Include="..\src\UIScrollBar.cpp">
      <Filter>LongUI\Source\XCtrl</Filter>
    </ClCompile>
  </ItemGroup>
</Project>