<?xml version="1.0" encoding="utf-8"?>
<Project ToolsVersion="4.0" xmlns="http://schemas.microsoft.com/developer/msbuild/2003">
  <ItemGroup>
    <Filter Include="Header Files">
      <UniqueIdentifier>{93995380-89BD-4b04-88EB-625FBE52EBFB}</UniqueIdentifier>
      <Extensions>h;hh;hpp;hxx;hm;inl;inc;xsd</Extensions>
    </Filter>
    <Filter Include="Source Files">
      <UniqueIdentifier>{4FC737F1-C7A5-4376-A066-2A32D752A2FF}</UniqueIdentifier>
      <Extensions>cpp;c;cc;cxx;def;odl;idl;hpj;bat;asm;asmx</Extensions>
    </Filter>
    <Filter Include="Resources">
      <UniqueIdentifier>{67DA6AB6-F800-4c08-8B7A-83BB121AAD01}</UniqueIdentifier>
      <Extensions>rc;ico;cur;bmp;dlg;rc2;rct;bin;rgs;gif;jpg;jpeg;jpe;resx;tiff;tif;png;wav;mfcribbon-ms</Extensions>
    </Filter>
    <Filter Include="Header Files\Component">
      <UniqueIdentifier>{5348f1b1-dcd4-42e0-b5da-28555cf96a54}</UniqueIdentifier>
    </Filter>
    <Filter Include="Header Files\Control">
      <UniqueIdentifier>{4fa55ed4-e781-4672-8f48-5709e7aa1c77}</UniqueIdentifier>
    </Filter>
    <Filter Include="Header Files\Core">
      <UniqueIdentifier>{1b81cbec-db8c-4e7f-a34d-13efaf1e9e22}</UniqueIdentifier>
    </Filter>
    <Filter Include="Header Files\Util">
      <UniqueIdentifier>{ce838186-8bb1-4233-83ef-354769cd3f16}</UniqueIdentifier>
    </Filter>
    <Filter Include="Header Files\Control\Container">
      <UniqueIdentifier>{992cc414-7b8b-4ce8-b835-52654cf06b07}</UniqueIdentifier>
    </Filter>
    <Filter Include="Header Files\Control\Layout">
      <UniqueIdentifier>{66015c3e-699c-479f-b795-ffc4c8952b67}</UniqueIdentifier>
    </Filter>
    <Filter Include="Source Files\XCtrl">
      <UniqueIdentifier>{346b1fca-831f-4f5f-a2ce-f4a6bc38ad2a}</UniqueIdentifier>
    </Filter>
    <Filter Include="Source Files\XImpl">
      <UniqueIdentifier>{3ffc43c7-58cd-4cf0-a47e-325e33d12b66}</UniqueIdentifier>
    </Filter>
    <Filter Include="Source Files\XUtil">
      <UniqueIdentifier>{282cea40-5634-43f7-a0d5-73066644be6d}</UniqueIdentifier>
    </Filter>
  </ItemGroup>
  <ItemGroup>
    <ClInclude Include="..\include\Component\EditaleText.h">
      <Filter>Header Files\Component</Filter>
    </ClInclude>
    <ClInclude Include="..\include\Component\Effect.h">
      <Filter>Header Files\Component</Filter>
    </ClInclude>
    <ClInclude Include="..\include\Component\Element.h">
      <Filter>Header Files\Component</Filter>
    </ClInclude>
    <ClInclude Include="..\include\Component\Video.h">
      <Filter>Header Files\Component</Filter>
    </ClInclude>
    <ClInclude Include="..\include\Component\Text.h">
      <Filter>Header Files\Component</Filter>
    </ClInclude>
    <ClInclude Include="..\include\Control\Container\UIMenu.h">
      <Filter>Header Files\Control\Container</Filter>
    </ClInclude>
    <ClInclude Include="..\include\Control\Container\UIContainerBuiltIn.h">
      <Filter>Header Files\Control\Container</Filter>
    </ClInclude>
    <ClInclude Include="..\include\Control\Container\UIWindow.h">
      <Filter>Header Files\Control\Container</Filter>
    </ClInclude>
    <ClInclude Include="..\include\Control\Layout\UILinearLayout.h">
      <Filter>Header Files\Control\Layout</Filter>
    </ClInclude>
    <ClInclude Include="..\include\Control\Layout\UIFloatLayout.h">
      <Filter>Header Files\Control\Layout</Filter>
    </ClInclude>
    <ClInclude Include="..\include\Control\Layout\UIPage.h">
      <Filter>Header Files\Control\Layout</Filter>
    </ClInclude>
    <ClInclude Include="..\include\Control\Layout\UIList.h">
      <Filter>Header Files\Control\Layout</Filter>
    </ClInclude>
    <ClInclude Include="..\include\Control\Layout\UISingle.h">
      <Filter>Header Files\Control\Layout</Filter>
    </ClInclude>
    <ClInclude Include="..\include\Core\UIContainer.h">
      <Filter>Header Files\Core</Filter>
    </ClInclude>
    <ClInclude Include="..\include\Core\UIControl.h">
      <Filter>Header Files\Core</Filter>
    </ClInclude>
    <ClInclude Include="..\include\Core\UIMarginalable.h">
      <Filter>Header Files\Core</Filter>
    </ClInclude>
    <ClInclude Include="..\include\Core\UIManager.h">
      <Filter>Header Files\Core</Filter>
    </ClInclude>
    <ClInclude Include="..\include\Core\UIInterface.h">
      <Filter>Header Files\Core</Filter>
    </ClInclude>
    <ClInclude Include="..\include\Core\UIString.h">
      <Filter>Header Files\Core</Filter>
    </ClInclude>
    <ClInclude Include="..\include\Control\UIButton.h">
      <Filter>Header Files\Control</Filter>
    </ClInclude>
    <ClInclude Include="..\include\Control\UICheckBox.h">
      <Filter>Header Files\Control</Filter>
    </ClInclude>
    <ClInclude Include="..\include\Control\UIComboBox.h">
      <Filter>Header Files\Control</Filter>
    </ClInclude>
    <ClInclude Include="..\include\Control\UIEdit.h">
      <Filter>Header Files\Control</Filter>
    </ClInclude>
    <ClInclude Include="..\include\Control\UIRichEdit.h">
      <Filter>Header Files\Control</Filter>
    </ClInclude>
    <ClInclude Include="..\include\Control\UIText.h">
      <Filter>Header Files\Control</Filter>
    </ClInclude>
    <ClInclude Include="..\include\Control\UIScrollBar.h">
      <Filter>Header Files\Control</Filter>
    </ClInclude>
    <ClInclude Include="..\include\Control\UISlider.h">
      <Filter>Header Files\Control</Filter>
    </ClInclude>
    <ClInclude Include="..\include\Util\UIAnimation.h">
      <Filter>Header Files\Util</Filter>
    </ClInclude>
    <ClInclude Include="..\include\Util\UIDataObject.h">
      <Filter>Header Files\Util</Filter>
    </ClInclude>
    <ClInclude Include="..\include\Util\UIDropSource.h">
      <Filter>Header Files\Util</Filter>
    </ClInclude>
    <ClInclude Include="..\include\Util\UIInlineObject.h">
      <Filter>Header Files\Util</Filter>
    </ClInclude>
    <ClInclude Include="..\include\Util\UIInput.h">
      <Filter>Header Files\Util</Filter>
    </ClInclude>
    <ClInclude Include="..\include\Util\UITextRenderer.h">
      <Filter>Header Files\Util</Filter>
    </ClInclude>
    <ClInclude Include="..\include\Util\UIUtilClass.h">
      <Filter>Header Files\Util</Filter>
    </ClInclude>
    <ClInclude Include="..\include\Util\UIUtilDX.h">
      <Filter>Header Files\Util</Filter>
    </ClInclude>
    <ClInclude Include="..\include\Util\UIUtilEzContainer.h">
      <Filter>Header Files\Util</Filter>
    </ClInclude>
    <ClInclude Include="..\include\Util\UIUtilHelper.h">
      <Filter>Header Files\Util</Filter>
    </ClInclude>
    <ClInclude Include="..\include\Util\UIUtilMethod.h">
      <Filter>Header Files\Util</Filter>
    </ClInclude>
    <ClInclude Include="..\include\Util\UIUtilSvg.h">
      <Filter>Header Files\Util</Filter>
    </ClInclude>
    <ClInclude Include="..\include\LongUI.h">
      <Filter>Header Files</Filter>
    </ClInclude>
    <ClInclude Include="..\include\longuiconf.h">
      <Filter>Header Files</Filter>
    </ClInclude>
    <ClInclude Include="..\include\Control\UIRadioButton.h">
      <Filter>Header Files\Control</Filter>
    </ClInclude>
  </ItemGroup>
  <ItemGroup>
    <ClCompile Include="..\src\_LongUIAllInOne.cpp">
      <Filter>Source Files</Filter>
    </ClCompile>
    <ClCompile Include="..\src\ComponentImpl.cpp">
      <Filter>Source Files\XImpl</Filter>
    </ClCompile>
    <ClCompile Include="..\src\ContainerImpl.cpp">
      <Filter>Source Files\XImpl</Filter>
    </ClCompile>
    <ClCompile Include="..\src\ControlImpl1.cpp">
      <Filter>Source Files\XImpl</Filter>
    </ClCompile>
    <ClCompile Include="..\src\InlineObjImpl.cpp">
      <Filter>Source Files\XImpl</Filter>
    </ClCompile>
    <ClCompile Include="..\src\UIUtilSvg.cpp">
      <Filter>Source Files\XUtil</Filter>
    </ClCompile>
    <ClCompile Include="..\src\UIUtilDX.cpp">
      <Filter>Source Files\XUtil</Filter>
    </ClCompile>
    <ClCompile Include="..\src\UIUtil.cpp">
      <Filter>Source Files\XUtil</Filter>
    </ClCompile>
    <ClCompile Include="..\src\UIUtil2.cpp">
      <Filter>Source Files\XUtil</Filter>
    </ClCompile>
    <ClCompile Include="..\src\UIWindow.cpp">
      <Filter>Source Files\XCtrl</Filter>
    </ClCompile>
    <ClCompile Include="..\src\main.cpp">
      <Filter>Source Files\XCtrl</Filter>
    </ClCompile>
    <ClCompile Include="..\src\UICheckBox.cpp">
      <Filter>Source Files\XCtrl</Filter>
    </ClCompile>
    <ClCompile Include="..\src\UIEdit.cpp">
      <Filter>Source Files\XCtrl</Filter>
    </ClCompile>
    <ClCompile Include="..\src\UIList.cpp">
      <Filter>Source Files\XCtrl</Filter>
    </ClCompile>
    <ClCompile Include="..\src\UIManager.cpp">
      <Filter>Source Files\XCtrl</Filter>
    </ClCompile>
    <ClCompile Include="..\src\UIRenderQueue.cpp">
      <Filter>Source Files\XCtrl</Filter>
    </ClCompile>
    <ClCompile Include="..\src\UIScrollBar.cpp">
      <Filter>Source Files\XCtrl</Filter>
    </ClCompile>
    <ClCompile Include="..\src\UISlider.cpp">
      <Filter>Source Files\XCtrl</Filter>
    </ClCompile>
    <ClCompile Include="..\src\ControlCore.cpp">
      <Filter>Source Files\XCtrl</Filter>
    </ClCompile>
  </ItemGroup>
</Project>