<?xml version="1.0" encoding="utf-8"?>
<Project ToolsVersion="4.0" xmlns="http://schemas.microsoft.com/developer/msbuild/2003">
  <ItemGroup>
    <Filter Include="Source Files">
      <UniqueIdentifier>{4FC737F1-C7A5-4376-A066-2A32D752A2FF}</UniqueIdentifier>
      <Extensions>cpp;c;cc;cxx;def;odl;idl;hpj;bat;asm;asmx</Extensions>
    </Filter>
    <Filter Include="Header Files">
      <UniqueIdentifier>{93995380-89BD-4b04-88EB-625FBE52EBFB}</UniqueIdentifier>
      <Extensions>h;hh;hpp;hxx;hm;inl;inc;xsd</Extensions>
    </Filter>
    <Filter Include="LongUI">
      <UniqueIdentifier>{049b19bb-58a5-4ba5-b11d-fe8f181dd2d0}</UniqueIdentifier>
    </Filter>
    <Filter Include="LongUI\Header">
      <UniqueIdentifier>{3cd6f68b-2622-4956-9817-1cfad09905d4}</UniqueIdentifier>
    </Filter>
    <Filter Include="LongUI\Header\Base">
      <UniqueIdentifier>{b2b62a3b-fd2e-4f73-86f9-0520a03977e2}</UniqueIdentifier>
    </Filter>
    <Filter Include="LongUI\Header\Control">
      <UniqueIdentifier>{a7147101-f6a6-45a8-8937-d743b5b358bb}</UniqueIdentifier>
    </Filter>
    <Filter Include="LongUI\Source">
      <UniqueIdentifier>{31fb1c29-dfad-4ad6-a04f-43e567b23084}</UniqueIdentifier>
    </Filter>
    <Filter Include="LongUI\Source\Base">
      <UniqueIdentifier>{cebb2a47-ae2f-41ad-9af1-ebd386c36d23}</UniqueIdentifier>
    </Filter>
    <Filter Include="LongUI\Source\Control">
      <UniqueIdentifier>{0f0fcf6c-7edc-4fea-8988-b893192c4a9a}</UniqueIdentifier>
    </Filter>
    <Filter Include="LongUI\Header\Component">
      <UniqueIdentifier>{1019e09f-9b5a-4869-ac5f-98ba1267315b}</UniqueIdentifier>
    </Filter>
    <Filter Include="LongUI\Header\Util">
      <UniqueIdentifier>{8530eb64-27a6-4cb3-9985-c27e16d68d0b}</UniqueIdentifier>
    </Filter>
  </ItemGroup>
  <ItemGroup>
    <ClInclude Include="LongUI.h">
      <Filter>Header Files</Filter>
    </ClInclude>
    <ClInclude Include="longuiconf.h">
      <Filter>Header Files</Filter>
    </ClInclude>
    <ClInclude Include="UIAnimation.h">
      <Filter>LongUI\Header\Base</Filter>
    </ClInclude>
    <ClInclude Include="UIContainer.h">
      <Filter>LongUI\Header\Base</Filter>
    </ClInclude>
    <ClInclude Include="UIControl.h">
      <Filter>LongUI\Header\Base</Filter>
    </ClInclude>
    <ClInclude Include="UIInterface.h">
      <Filter>LongUI\Header\Base</Filter>
    </ClInclude>
    <ClInclude Include="UIManager.h">
      <Filter>LongUI\Header\Base</Filter>
    </ClInclude>
    <ClInclude Include="UIButton.h">
      <Filter>LongUI\Header\Control</Filter>
    </ClInclude>
    <ClInclude Include="UICheckBox.h">
      <Filter>LongUI\Header\Control</Filter>
    </ClInclude>
    <ClInclude Include="UIVerticalLayout.h">
      <Filter>LongUI\Header\Control</Filter>
    </ClInclude>
    <ClInclude Include="UISlider.h">
      <Filter>LongUI\Header\Control</Filter>
    </ClInclude>
    <ClInclude Include="UIRichEdit.h">
      <Filter>LongUI\Header\Control</Filter>
    </ClInclude>
    <ClInclude Include="UIScrollBar.h">
      <Filter>LongUI\Header\Control</Filter>
    </ClInclude>
    <ClInclude Include="UIEdit.h">
      <Filter>LongUI\Header\Control</Filter>
    </ClInclude>
    <ClInclude Include="UIHorizontalLayout.h">
      <Filter>LongUI\Header\Control</Filter>
    </ClInclude>
    <ClInclude Include="UIDataObject.h">
      <Filter>LongUI\Header\Util</Filter>
    </ClInclude>
    <ClInclude Include="UIDropSource.h">
      <Filter>LongUI\Header\Util</Filter>
    </ClInclude>
    <ClInclude Include="UIInput.h">
      <Filter>LongUI\Header\Base</Filter>
    </ClInclude>
    <ClInclude Include="UIMenu.h">
      <Filter>LongUI\Header\Control</Filter>
    </ClInclude>
    <ClInclude Include="UIInlineObject.h">
      <Filter>LongUI\Header\Util</Filter>
    </ClInclude>
    <ClInclude Include="UITextRenderer.h">
      <Filter>LongUI\Header\Util</Filter>
    </ClInclude>
    <ClInclude Include="Component\EditaleText.h">
      <Filter>LongUI\Header\Component</Filter>
    </ClInclude>
    <ClInclude Include="Component\Text.h">
      <Filter>LongUI\Header\Component</Filter>
    </ClInclude>
    <ClInclude Include="Component\Element.h">
      <Filter>LongUI\Header\Component</Filter>
    </ClInclude>
    <ClInclude Include="UIText.h">
      <Filter>LongUI\Header\Control</Filter>
    </ClInclude>
    <ClInclude Include="UIMarginalable.h">
      <Filter>LongUI\Header\Base</Filter>
    </ClInclude>
    <ClInclude Include="UIUtilMethod.h">
      <Filter>LongUI\Header\Util</Filter>
    </ClInclude>
    <ClInclude Include="UIUtilClass.h">
      <Filter>LongUI\Header\Util</Filter>
    </ClInclude>
    <ClInclude Include="UIUtilHelper.h">
      <Filter>LongUI\Header\Util</Filter>
    </ClInclude>
    <ClInclude Include="UIUtilEzContainer.h">
      <Filter>LongUI\Header\Util</Filter>
    </ClInclude>
    <ClInclude Include="UIString.h">
      <Filter>LongUI\Header\Base</Filter>
    </ClInclude>
    <ClInclude Include="UIUtilDX.h">
      <Filter>LongUI\Header\Util</Filter>
    </ClInclude>
    <ClInclude Include="UIWindow.h">
      <Filter>LongUI\Header\Control</Filter>
    </ClInclude>
  </ItemGroup>
  <ItemGroup>
    <ClCompile Include="main.cpp">
      <Filter>Source Files</Filter>
    </ClCompile>
    <ClCompile Include="UIManager.cpp">
      <Filter>LongUI\Source\Base</Filter>
    </ClCompile>
    <ClCompile Include="UICheckBox.cpp">
      <Filter>LongUI\Source\Control</Filter>
    </ClCompile>
    <ClCompile Include="UIRichEdit.cpp">
      <Filter>LongUI\Source\Control</Filter>
    </ClCompile>
    <ClCompile Include="UIScrollBar.cpp">
      <Filter>LongUI\Source\Control</Filter>
    </ClCompile>
    <ClCompile Include="UISlider.cpp">
      <Filter>LongUI\Source\Control</Filter>
    </ClCompile>
    <ClCompile Include="UIMenu.cpp">
      <Filter>LongUI\Source\Control</Filter>
    </ClCompile>
    <ClCompile Include="UIUtil.cpp">
      <Filter>LongUI\Source\Base</Filter>
    </ClCompile>
    <ClCompile Include="UIUtilDX.cpp">
      <Filter>LongUI\Source\Base</Filter>
    </ClCompile>
    <ClCompile Include="ComponentImpl.cpp">
      <Filter>LongUI\Source</Filter>
    </ClCompile>
    <ClCompile Include="UIRenderQueue_Loader.cpp">
      <Filter>LongUI\Source</Filter>
    </ClCompile>
    <ClCompile Include="InlineObjImpl.cpp">
      <Filter>LongUI\Source</Filter>
    </ClCompile>
    <ClCompile Include="UIUtil2.cpp">
      <Filter>LongUI\Source\Base</Filter>
    </ClCompile>
    <ClCompile Include="ControlCore.cpp">
      <Filter>LongUI\Source\Base</Filter>
    </ClCompile>
    <ClCompile Include="ContainerImpl.cpp">
      <Filter>LongUI\Source\Control</Filter>
    </ClCompile>
    <ClCompile Include="ControlImpl1.cpp">
      <Filter>LongUI\Source\Control</Filter>
    </ClCompile>
    <ClCompile Include="UIWindow.cpp">
      <Filter>LongUI\Source\Control</Filter>
    </ClCompile>
  </ItemGroup>
</Project>