
Microsoft Visual Studio Solution File, Format Version 12.00
# Visual Studio 15
VisualStudioVersion = 15.0.27703.2035
MinimumVisualStudioVersion = 10.0.40219.1
Project("{8BC9CEB8-8B4A-11D0-8D11-00A0C91BC942}") = "LongUI", "CodeUI\CodeUI.vcxproj", "{68DBE32A-6DDF-4E22-B265-8AC889B912F4}"
EndProject
Project("{8BC9CEB8-8B4A-11D0-8D11-00A0C91BC942}") = "demo0_helloworld", "demo\demo0_helloworld\demo0_helloworld.vcxproj", "{AA91B48A-FFEB-4F6D-9E4E-8C2D5DBCD3F8}"
	ProjectSection(ProjectDependencies) = postProject
		{68DBE32A-6DDF-4E22-B265-8AC889B912F4} = {68DBE32A-6DDF-4E22-B265-8AC889B912F4}
	EndProjectSection
EndProject
Project("{8BC9CEB8-8B4A-11D0-8D11-00A0C91BC942}") = "demo1_helloxul", "demo\demo1_helloxul\demo1_helloxul.vcxproj", "{AA91B48A-FFEB-4F6D-9E4E-8C2D5DBCD3F9}"
	ProjectSection(ProjectDependencies) = postProject
		{68DBE32A-6DDF-4E22-B265-8AC889B912F4} = {68DBE32A-6DDF-4E22-B265-8AC889B912F4}
	EndProjectSection
EndProject
Project("{8BC9CEB8-8B4A-11D0-8D11-00A0C91BC942}") = "demo2_eventhandle", "demo\demo2_eventhandle\demo2_eventhandle.vcxproj", "{A60E764B-FD83-4F7E-BAA1-F1975D5AA616}"
	ProjectSection(ProjectDependencies) = postProject
		{68DBE32A-6DDF-4E22-B265-8AC889B912F4} = {68DBE32A-6DDF-4E22-B265-8AC889B912F4}
	EndProjectSection
EndProject
Project("{8BC9CEB8-8B4A-11D0-8D11-00A0C91BC942}") = "demo3_customconfig", "demo\demo3_customconfig\demo3_customconfig.vcxproj", "{A60E764B-FD83-4F7E-BAA1-F1975D5AA617}"
	ProjectSection(ProjectDependencies) = postProject
		{68DBE32A-6DDF-4E22-B265-8AC889B912F4} = {68DBE32A-6DDF-4E22-B265-8AC889B912F4}
	EndProjectSection
EndProject
Project("{8BC9CEB8-8B4A-11D0-8D11-00A0C91BC942}") = "demo4_customcontrol", "demo\demo4_customcontrol\demo4_customcontrol.vcxproj", "{A60E764B-FD83-4F7E-BAA1-F1975D5AA618}"
	ProjectSection(ProjectDependencies) = postProject
		{68DBE32A-6DDF-4E22-B265-8AC889B912F4} = {68DBE32A-6DDF-4E22-B265-8AC889B912F4}
	EndProjectSection
EndProject
Project("{8BC9CEB8-8B4A-11D0-8D11-00A0C91BC942}") = "demo5_fullcontrol", "demo\demo5_fullcontrol\demo5_fullcontrol.vcxproj", "{A60E764B-FD83-4F7E-BAA1-F1975D5AA619}"
	ProjectSection(ProjectDependencies) = postProject
		{68DBE32A-6DDF-4E22-B265-8AC889B912F4} = {68DBE32A-6DDF-4E22-B265-8AC889B912F4}
	EndProjectSection
EndProject
Project("{8BC9CEB8-8B4A-11D0-8D11-00A0C91BC942}") = "demo6_globalpop", "demo\demo6_globalpop\demo6_globalpop.vcxproj", "{55730BD3-53E2-47D6-9309-D44E606232C5}"
	ProjectSection(ProjectDependencies) = postProject
		{68DBE32A-6DDF-4E22-B265-8AC889B912F4} = {68DBE32A-6DDF-4E22-B265-8AC889B912F4}
	EndProjectSection
EndProject
Project("{8BC9CEB8-8B4A-11D0-8D11-00A0C91BC942}") = "demo7_customscript", "demo\demo7_customscript\demo7_customscript.vcxproj", "{591C1E9C-C94C-4BBD-88B9-84AAEB8D7A09}"
	ProjectSection(ProjectDependencies) = postProject
		{68DBE32A-6DDF-4E22-B265-8AC889B912F4} = {68DBE32A-6DDF-4E22-B265-8AC889B912F4}
	EndProjectSection
EndProject
Project("{8BC9CEB8-8B4A-11D0-8D11-00A0C91BC942}") = "demo8_noxul", "demo\demo8_noxul\demo8_noxul.vcxproj", "{591C1E9C-C94C-4BBD-88B9-84AAEB8D7A1A}"
	ProjectSection(ProjectDependencies) = postProject
		{68DBE32A-6DDF-4E22-B265-8AC889B912F4} = {68DBE32A-6DDF-4E22-B265-8AC889B912F4}
	EndProjectSection
EndProject
Global
	GlobalSection(SolutionConfigurationPlatforms) = preSolution
		Debug|x64 = Debug|x64
		Debug|x86 = Debug|x86
		Release|x64 = Release|x64
		Release|x86 = Release|x86
	EndGlobalSection
	GlobalSection(ProjectConfigurationPlatforms) = postSolution
		{68DBE32A-6DDF-4E22-B265-8AC889B912F4}.Debug|x64.ActiveCfg = Debug|x64
		{68DBE32A-6DDF-4E22-B265-8AC889B912F4}.Debug|x64.Build.0 = Debug|x64
		{68DBE32A-6DDF-4E22-B265-8AC889B912F4}.Debug|x86.ActiveCfg = Debug|Win32
		{68DBE32A-6DDF-4E22-B265-8AC889B912F4}.Debug|x86.Build.0 = Debug|Win32
		{68DBE32A-6DDF-4E22-B265-8AC889B912F4}.Release|x64.ActiveCfg = Release|x64
		{68DBE32A-6DDF-4E22-B265-8AC889B912F4}.Release|x64.Build.0 = Release|x64
		{68DBE32A-6DDF-4E22-B265-8AC889B912F4}.Release|x86.ActiveCfg = Release|Win32
		{68DBE32A-6DDF-4E22-B265-8AC889B912F4}.Release|x86.Build.0 = Release|Win32
		{AA91B48A-FFEB-4F6D-9E4E-8C2D5DBCD3F8}.Debug|x64.ActiveCfg = Debug|x64
		{AA91B48A-FFEB-4F6D-9E4E-8C2D5DBCD3F8}.Debug|x64.Build.0 = Debug|x64
		{AA91B48A-FFEB-4F6D-9E4E-8C2D5DBCD3F8}.Debug|x86.ActiveCfg = Debug|Win32
		{AA91B48A-FFEB-4F6D-9E4E-8C2D5DBCD3F8}.Debug|x86.Build.0 = Debug|Win32
		{AA91B48A-FFEB-4F6D-9E4E-8C2D5DBCD3F8}.Release|x64.ActiveCfg = Release|x64
		{AA91B48A-FFEB-4F6D-9E4E-8C2D5DBCD3F8}.Release|x64.Build.0 = Release|x64
		{AA91B48A-FFEB-4F6D-9E4E-8C2D5DBCD3F8}.Release|x86.ActiveCfg = Release|Win32
		{AA91B48A-FFEB-4F6D-9E4E-8C2D5DBCD3F8}.Release|x86.Build.0 = Release|Win32
		{AA91B48A-FFEB-4F6D-9E4E-8C2D5DBCD3F9}.Debug|x64.ActiveCfg = Debug|x64
		{AA91B48A-FFEB-4F6D-9E4E-8C2D5DBCD3F9}.Debug|x64.Build.0 = Debug|x64
		{AA91B48A-FFEB-4F6D-9E4E-8C2D5DBCD3F9}.Debug|x86.ActiveCfg = Debug|Win32
		{AA91B48A-FFEB-4F6D-9E4E-8C2D5DBCD3F9}.Debug|x86.Build.0 = Debug|Win32
		{AA91B48A-FFEB-4F6D-9E4E-8C2D5DBCD3F9}.Release|x64.ActiveCfg = Release|x64
		{AA91B48A-FFEB-4F6D-9E4E-8C2D5DBCD3F9}.Release|x64.Build.0 = Release|x64
		{AA91B48A-FFEB-4F6D-9E4E-8C2D5DBCD3F9}.Release|x86.ActiveCfg = Release|Win32
		{AA91B48A-FFEB-4F6D-9E4E-8C2D5DBCD3F9}.Release|x86.Build.0 = Release|Win32
		{A60E764B-FD83-4F7E-BAA1-F1975D5AA616}.Debug|x64.ActiveCfg = Debug|x64
		{A60E764B-FD83-4F7E-BAA1-F1975D5AA616}.Debug|x64.Build.0 = Debug|x64
		{A60E764B-FD83-4F7E-BAA1-F1975D5AA616}.Debug|x86.ActiveCfg = Debug|Win32
		{A60E764B-FD83-4F7E-BAA1-F1975D5AA616}.Debug|x86.Build.0 = Debug|Win32
		{A60E764B-FD83-4F7E-BAA1-F1975D5AA616}.Release|x64.ActiveCfg = Release|x64
		{A60E764B-FD83-4F7E-BAA1-F1975D5AA616}.Release|x64.Build.0 = Release|x64
		{A60E764B-FD83-4F7E-BAA1-F1975D5AA616}.Release|x86.ActiveCfg = Release|Win32
		{A60E764B-FD83-4F7E-BAA1-F1975D5AA616}.Release|x86.Build.0 = Release|Win32
		{A60E764B-FD83-4F7E-BAA1-F1975D5AA617}.Debug|x64.ActiveCfg = Debug|x64
		{A60E764B-FD83-4F7E-BAA1-F1975D5AA617}.Debug|x64.Build.0 = Debug|x64
		{A60E764B-FD83-4F7E-BAA1-F1975D5AA617}.Debug|x86.ActiveCfg = Debug|Win32
		{A60E764B-FD83-4F7E-BAA1-F1975D5AA617}.Debug|x86.Build.0 = Debug|Win32
		{A60E764B-FD83-4F7E-BAA1-F1975D5AA617}.Release|x64.ActiveCfg = Release|x64
		{A60E764B-FD83-4F7E-BAA1-F1975D5AA617}.Release|x64.Build.0 = Release|x64
		{A60E764B-FD83-4F7E-BAA1-F1975D5AA617}.Release|x86.ActiveCfg = Release|Win32
		{A60E764B-FD83-4F7E-BAA1-F1975D5AA617}.Release|x86.Build.0 = Release|Win32
		{A60E764B-FD83-4F7E-BAA1-F1975D5AA618}.Debug|x64.ActiveCfg = Debug|x64
		{A60E764B-FD83-4F7E-BAA1-F1975D5AA618}.Debug|x64.Build.0 = Debug|x64
		{A60E764B-FD83-4F7E-BAA1-F1975D5AA618}.Debug|x86.ActiveCfg = Debug|Win32
		{A60E764B-FD83-4F7E-BAA1-F1975D5AA618}.Debug|x86.Build.0 = Debug|Win32
		{A60E764B-FD83-4F7E-BAA1-F1975D5AA618}.Release|x64.ActiveCfg = Release|x64
		{A60E764B-FD83-4F7E-BAA1-F1975D5AA618}.Release|x64.Build.0 = Release|x64
		{A60E764B-FD83-4F7E-BAA1-F1975D5AA618}.Release|x86.ActiveCfg = Release|Win32
		{A60E764B-FD83-4F7E-BAA1-F1975D5AA618}.Release|x86.Build.0 = Release|Win32
		{A60E764B-FD83-4F7E-BAA1-F1975D5AA619}.Debug|x64.ActiveCfg = Debug|x64
		{A60E764B-FD83-4F7E-BAA1-F1975D5AA619}.Debug|x64.Build.0 = Debug|x64
		{A60E764B-FD83-4F7E-BAA1-F1975D5AA619}.Debug|x86.ActiveCfg = Debug|Win32
		{A60E764B-FD83-4F7E-BAA1-F1975D5AA619}.Debug|x86.Build.0 = Debug|Win32
		{A60E764B-FD83-4F7E-BAA1-F1975D5AA619}.Release|x64.ActiveCfg = Release|x64
		{A60E764B-FD83-4F7E-BAA1-F1975D5AA619}.Release|x64.Build.0 = Release|x64
		{A60E764B-FD83-4F7E-BAA1-F1975D5AA619}.Release|x86.ActiveCfg = Release|Win32
		{A60E764B-FD83-4F7E-BAA1-F1975D5AA619}.Release|x86.Build.0 = Release|Win32
		{55730BD3-53E2-47D6-9309-D44E606232C5}.Debug|x64.ActiveCfg = Debug|x64
		{55730BD3-53E2-47D6-9309-D44E606232C5}.Debug|x64.Build.0 = Debug|x64
		{55730BD3-53E2-47D6-9309-D44E606232C5}.Debug|x86.ActiveCfg = Debug|Win32
		{55730BD3-53E2-47D6-9309-D44E606232C5}.Debug|x86.Build.0 = Debug|Win32
		{55730BD3-53E2-47D6-9309-D44E606232C5}.Release|x64.ActiveCfg = Release|x64
		{55730BD3-53E2-47D6-9309-D44E606232C5}.Release|x64.Build.0 = Release|x64
		{55730BD3-53E2-47D6-9309-D44E606232C5}.Release|x86.ActiveCfg = Release|Win32
		{55730BD3-53E2-47D6-9309-D44E606232C5}.Release|x86.Build.0 = Release|Win32
		{591C1E9C-C94C-4BBD-88B9-84AAEB8D7A09}.Debug|x64.ActiveCfg = Debug|x64
		{591C1E9C-C94C-4BBD-88B9-84AAEB8D7A09}.Debug|x64.Build.0 = Debug|x64
		{591C1E9C-C94C-4BBD-88B9-84AAEB8D7A09}.Debug|x86.ActiveCfg = Debug|Win32
		{591C1E9C-C94C-4BBD-88B9-84AAEB8D7A09}.Debug|x86.Build.0 = Debug|Win32
		{591C1E9C-C94C-4BBD-88B9-84AAEB8D7A09}.Release|x64.ActiveCfg = Release|x64
		{591C1E9C-C94C-4BBD-88B9-84AAEB8D7A09}.Release|x64.Build.0 = Release|x64
		{591C1E9C-C94C-4BBD-88B9-84AAEB8D7A09}.Release|x86.ActiveCfg = Release|Win32
		{591C1E9C-C94C-4BBD-88B9-84AAEB8D7A09}.Release|x86.Build.0 = Release|Win32
		{591C1E9C-C94C-4BBD-88B9-84AAEB8D7A1A}.Debug|x64.ActiveCfg = Debug|x64
		{591C1E9C-C94C-4BBD-88B9-84AAEB8D7A1A}.Debug|x64.Build.0 = Debug|x64
		{591C1E9C-C94C-4BBD-88B9-84AAEB8D7A1A}.Debug|x86.ActiveCfg = Debug|Win32
		{591C1E9C-C94C-4BBD-88B9-84AAEB8D7A1A}.Debug|x86.Build.0 = Debug|Win32
		{591C1E9C-C94C-4BBD-88B9-84AAEB8D7A1A}.Release|x64.ActiveCfg = Release|x64
		{591C1E9C-C94C-4BBD-88B9-84AAEB8D7A1A}.Release|x64.Build.0 = Release|x64
		{591C1E9C-C94C-4BBD-88B9-84AAEB8D7A1A}.Release|x86.ActiveCfg = Release|Win32
		{591C1E9C-C94C-4BBD-88B9-84AAEB8D7A1A}.Release|x86.Build.0 = Release|Win32
	EndGlobalSection
	GlobalSection(SolutionProperties) = preSolution
		HideSolutionNode = FALSE
	EndGlobalSection
	GlobalSection(ExtensibilityGlobals) = postSolution
		SolutionGuid = {BBE2D51E-7357-4B4F-A9FD-230592E57C36}
	EndGlobalSection
EndGlobal
