
Microsoft Visual Studio Solution File, Format Version 12.00
# Visual Studio 14
VisualStudioVersion = 14.0.25123.0
MinimumVisualStudioVersion = 10.0.40219.1
Project("{8BC9CEB8-8B4A-11D0-8D11-00A0C91BC942}") = "LongUI", "LongUI\LongUI.vcxproj", "{B4BEEE58-56C6-4C5A-901A-0AF28EED1E06}"
	ProjectSection(ProjectDependencies) = postProject
		{EA419D29-F512-4BF3-8F48-4857F6A04C97} = {EA419D29-F512-4BF3-8F48-4857F6A04C97}
		{1A5767B6-D7E3-4792-9D5C-B03CD54B63F2} = {1A5767B6-D7E3-4792-9D5C-B03CD54B63F2}
		{623A4CD4-1266-4E2B-BB2C-1CBB9A43D6D9} = {623A4CD4-1266-4E2B-BB2C-1CBB9A43D6D9}
	EndProjectSection
EndProject
Project("{2150E333-8FDC-42A3-9474-1A3956D46DE8}") = "3rdParty", "3rdParty", "{B66C5C00-DDB9-48FB-9079-3AD7D7182D36}"
EndProject
Project("{8BC9CEB8-8B4A-11D0-8D11-00A0C91BC942}") = "dlmalloc", "3rdParty\dlmalloc\dlmalloc.vcxproj", "{EA419D29-F512-4BF3-8F48-4857F6A04C97}"
EndProject
Project("{8BC9CEB8-8B4A-11D0-8D11-00A0C91BC942}") = "pugixml", "3rdParty\pugixml\pugixml.vcxproj", "{1A5767B6-D7E3-4792-9D5C-B03CD54B63F2}"
EndProject
Project("{2150E333-8FDC-42A3-9474-1A3956D46DE8}") = "Demos", "Demos", "{800A8872-7D86-4ECE-8090-42916FAF286A}"
EndProject
Project("{2150E333-8FDC-42A3-9474-1A3956D46DE8}") = "A_StepByStep", "A_StepByStep", "{993527A4-BA83-4040-879C-2289C490E443}"
EndProject
Project("{2150E333-8FDC-42A3-9474-1A3956D46DE8}") = "B_FeaturesShow", "B_FeaturesShow", "{1A9DD17D-8D1F-4372-B70F-980BA9E06AF5}"
EndProject
Project("{2150E333-8FDC-42A3-9474-1A3956D46DE8}") = "Helper", "Helper", "{55796CE1-7C81-47E9-BEC2-AB7A7246E513}"
EndProject
Project("{8BC9CEB8-8B4A-11D0-8D11-00A0C91BC942}") = "ConsoleHelper", "Helper\ConsoleHelper\ConsoleHelper.vcxproj", "{623A4CD4-1266-4E2B-BB2C-1CBB9A43D6D9}"
EndProject
Project("{8BC9CEB8-8B4A-11D0-8D11-00A0C91BC942}") = "ScriptInterfaceGenerator", "Helper\ScriptInterfaceGenerator\ScriptInterfaceGenerator.vcxproj", "{8E6F2243-775E-42AE-90D9-BB559A4C71FA}"
EndProject
Project("{8BC9CEB8-8B4A-11D0-8D11-00A0C91BC942}") = "TestUI", "TestUI\TestUI.vcxproj", "{02D5A0AA-0FD3-4855-B5F5-3E25D50DF54F}"
	ProjectSection(ProjectDependencies) = postProject
		{B4BEEE58-56C6-4C5A-901A-0AF28EED1E06} = {B4BEEE58-56C6-4C5A-901A-0AF28EED1E06}
	EndProjectSection
EndProject
Project("{8BC9CEB8-8B4A-11D0-8D11-00A0C91BC942}") = "Show1_LCML", "Demos\Show1_LCML\Show1_LCML.vcxproj", "{D586F469-3437-4238-8AFE-D835D813BF17}"
	ProjectSection(ProjectDependencies) = postProject
		{EA419D29-F512-4BF3-8F48-4857F6A04C97} = {EA419D29-F512-4BF3-8F48-4857F6A04C97}
		{B4BEEE58-56C6-4C5A-901A-0AF28EED1E06} = {B4BEEE58-56C6-4C5A-901A-0AF28EED1E06}
		{1A5767B6-D7E3-4792-9D5C-B03CD54B63F2} = {1A5767B6-D7E3-4792-9D5C-B03CD54B63F2}
	EndProjectSection
EndProject
Project("{8BC9CEB8-8B4A-11D0-8D11-00A0C91BC942}") = "Step1_helloworld", "Demos\Step1_helloworld\Step1_helloworld.vcxproj", "{542D7BFA-F65E-47B9-A754-FAC9B732767D}"
	ProjectSection(ProjectDependencies) = postProject
		{EA419D29-F512-4BF3-8F48-4857F6A04C97} = {EA419D29-F512-4BF3-8F48-4857F6A04C97}
		{B4BEEE58-56C6-4C5A-901A-0AF28EED1E06} = {B4BEEE58-56C6-4C5A-901A-0AF28EED1E06}
		{1A5767B6-D7E3-4792-9D5C-B03CD54B63F2} = {1A5767B6-D7E3-4792-9D5C-B03CD54B63F2}
	EndProjectSection
EndProject
Project("{8BC9CEB8-8B4A-11D0-8D11-00A0C91BC942}") = "Step2_handleevent", "Demos\Step2_handleevent\Step2_handleevent.vcxproj", "{0F09DB99-5A2A-4F35-987F-DC0236815C59}"
	ProjectSection(ProjectDependencies) = postProject
		{EA419D29-F512-4BF3-8F48-4857F6A04C97} = {EA419D29-F512-4BF3-8F48-4857F6A04C97}
		{B4BEEE58-56C6-4C5A-901A-0AF28EED1E06} = {B4BEEE58-56C6-4C5A-901A-0AF28EED1E06}
		{1A5767B6-D7E3-4792-9D5C-B03CD54B63F2} = {1A5767B6-D7E3-4792-9D5C-B03CD54B63F2}
	EndProjectSection
EndProject
Project("{8BC9CEB8-8B4A-11D0-8D11-00A0C91BC942}") = "Step3_handleeventex", "Demos\Step3_handleeventex\Step3_handleeventex.vcxproj", "{1794B85B-34AC-4FE3-978C-1E95BC52EA1C}"
	ProjectSection(ProjectDependencies) = postProject
		{EA419D29-F512-4BF3-8F48-4857F6A04C97} = {EA419D29-F512-4BF3-8F48-4857F6A04C97}
		{B4BEEE58-56C6-4C5A-901A-0AF28EED1E06} = {B4BEEE58-56C6-4C5A-901A-0AF28EED1E06}
		{1A5767B6-D7E3-4792-9D5C-B03CD54B63F2} = {1A5767B6-D7E3-4792-9D5C-B03CD54B63F2}
	EndProjectSection
EndProject
Project("{8BC9CEB8-8B4A-11D0-8D11-00A0C91BC942}") = "Step4_basiconfigure", "Demos\Step4_basiconfigure\Step4_basiconfigure.vcxproj", "{CF6CC1BB-6E8F-43EB-BFF4-9C7BA087A325}"
	ProjectSection(ProjectDependencies) = postProject
		{EA419D29-F512-4BF3-8F48-4857F6A04C97} = {EA419D29-F512-4BF3-8F48-4857F6A04C97}
		{B4BEEE58-56C6-4C5A-901A-0AF28EED1E06} = {B4BEEE58-56C6-4C5A-901A-0AF28EED1E06}
		{1A5767B6-D7E3-4792-9D5C-B03CD54B63F2} = {1A5767B6-D7E3-4792-9D5C-B03CD54B63F2}
	EndProjectSection
EndProject
Project("{8BC9CEB8-8B4A-11D0-8D11-00A0C91BC942}") = "Step5_runtimerecreate", "Demos\Step5_runtimerecreate\Step5_runtimerecreate.vcxproj", "{BA6CC1BB-6E8F-43EB-BFF4-9C7BA087A316}"
	ProjectSection(ProjectDependencies) = postProject
		{EA419D29-F512-4BF3-8F48-4857F6A04C97} = {EA419D29-F512-4BF3-8F48-4857F6A04C97}
		{B4BEEE58-56C6-4C5A-901A-0AF28EED1E06} = {B4BEEE58-56C6-4C5A-901A-0AF28EED1E06}
		{1A5767B6-D7E3-4792-9D5C-B03CD54B63F2} = {1A5767B6-D7E3-4792-9D5C-B03CD54B63F2}
	EndProjectSection
EndProject
Project("{2150E333-8FDC-42A3-9474-1A3956D46DE8}") = "ExtraControl", "ExtraControl", "{4B5C99CF-0291-4681-9CE3-02102F1BD060}"
EndProject
Project("{2150E333-8FDC-42A3-9474-1A3956D46DE8}") = "UIBlurText", "UIBlurText", "{10687AF9-1119-4E65-936A-D48A0DDF411A}"
EndProject
Project("{8BC9CEB8-8B4A-11D0-8D11-00A0C91BC942}") = "UIBlurText-Test", "ExCtrl\UIBlurText-Test\UIBlurText-Test.vcxproj", "{986BEFEE-67FD-4A7E-8CDC-CB030378CAFA}"
	ProjectSection(ProjectDependencies) = postProject
		{ABE39C24-DED3-4D42-AD9F-9F232EE1845E} = {ABE39C24-DED3-4D42-AD9F-9F232EE1845E}
		{EA419D29-F512-4BF3-8F48-4857F6A04C97} = {EA419D29-F512-4BF3-8F48-4857F6A04C97}
		{B4BEEE58-56C6-4C5A-901A-0AF28EED1E06} = {B4BEEE58-56C6-4C5A-901A-0AF28EED1E06}
		{1A5767B6-D7E3-4792-9D5C-B03CD54B63F2} = {1A5767B6-D7E3-4792-9D5C-B03CD54B63F2}
	EndProjectSection
EndProject
Project("{8BC9CEB8-8B4A-11D0-8D11-00A0C91BC942}") = "UIBlurText", "ExCtrl\UIBlurText\UIBlurText.vcxproj", "{ABE39C24-DED3-4D42-AD9F-9F232EE1845E}"
EndProject
Project("{2150E333-8FDC-42A3-9474-1A3956D46DE8}") = "UIXmlRich", "UIXmlRich", "{F7CEFFD4-C4F9-4DCF-B871-27B8EE73AF15}"
EndProject
Project("{8BC9CEB8-8B4A-11D0-8D11-00A0C91BC942}") = "UIXmlRich-Test", "ExCtrl\UIXmlRich-Test\UIXmlRich-Test.vcxproj", "{CF623BC8-68F2-4FFA-AAFD-953948828699}"
	ProjectSection(ProjectDependencies) = postProject
		{EA419D29-F512-4BF3-8F48-4857F6A04C97} = {EA419D29-F512-4BF3-8F48-4857F6A04C97}
		{B4BEEE58-56C6-4C5A-901A-0AF28EED1E06} = {B4BEEE58-56C6-4C5A-901A-0AF28EED1E06}
		{1A5767B6-D7E3-4792-9D5C-B03CD54B63F2} = {1A5767B6-D7E3-4792-9D5C-B03CD54B63F2}
	EndProjectSection
EndProject
Global
	GlobalSection(SolutionConfigurationPlatforms) = preSolution
		Debug|x64 = Debug|x64
		Debug|x86 = Debug|x86
		Release|x64 = Release|x64
		Release|x86 = Release|x86
	EndGlobalSection
	GlobalSection(ProjectConfigurationPlatforms) = postSolution
		{B4BEEE58-56C6-4C5A-901A-0AF28EED1E06}.Debug|x64.ActiveCfg = Debug|x64
		{B4BEEE58-56C6-4C5A-901A-0AF28EED1E06}.Debug|x64.Build.0 = Debug|x64
		{B4BEEE58-56C6-4C5A-901A-0AF28EED1E06}.Debug|x86.ActiveCfg = Debug|Win32
		{B4BEEE58-56C6-4C5A-901A-0AF28EED1E06}.Debug|x86.Build.0 = Debug|Win32
		{B4BEEE58-56C6-4C5A-901A-0AF28EED1E06}.Release|x64.ActiveCfg = Release|x64
		{B4BEEE58-56C6-4C5A-901A-0AF28EED1E06}.Release|x64.Build.0 = Release|x64
		{B4BEEE58-56C6-4C5A-901A-0AF28EED1E06}.Release|x86.ActiveCfg = Release|Win32
		{B4BEEE58-56C6-4C5A-901A-0AF28EED1E06}.Release|x86.Build.0 = Release|Win32
		{EA419D29-F512-4BF3-8F48-4857F6A04C97}.Debug|x64.ActiveCfg = Debug|x64
		{EA419D29-F512-4BF3-8F48-4857F6A04C97}.Debug|x64.Build.0 = Debug|x64
		{EA419D29-F512-4BF3-8F48-4857F6A04C97}.Debug|x86.ActiveCfg = Debug|Win32
		{EA419D29-F512-4BF3-8F48-4857F6A04C97}.Debug|x86.Build.0 = Debug|Win32
		{EA419D29-F512-4BF3-8F48-4857F6A04C97}.Release|x64.ActiveCfg = Release|x64
		{EA419D29-F512-4BF3-8F48-4857F6A04C97}.Release|x64.Build.0 = Release|x64
		{EA419D29-F512-4BF3-8F48-4857F6A04C97}.Release|x86.ActiveCfg = Release|Win32
		{EA419D29-F512-4BF3-8F48-4857F6A04C97}.Release|x86.Build.0 = Release|Win32
		{1A5767B6-D7E3-4792-9D5C-B03CD54B63F2}.Debug|x64.ActiveCfg = Debug|x64
		{1A5767B6-D7E3-4792-9D5C-B03CD54B63F2}.Debug|x64.Build.0 = Debug|x64
		{1A5767B6-D7E3-4792-9D5C-B03CD54B63F2}.Debug|x86.ActiveCfg = Debug|Win32
		{1A5767B6-D7E3-4792-9D5C-B03CD54B63F2}.Debug|x86.Build.0 = Debug|Win32
		{1A5767B6-D7E3-4792-9D5C-B03CD54B63F2}.Release|x64.ActiveCfg = Release|x64
		{1A5767B6-D7E3-4792-9D5C-B03CD54B63F2}.Release|x64.Build.0 = Release|x64
		{1A5767B6-D7E3-4792-9D5C-B03CD54B63F2}.Release|x86.ActiveCfg = Release|Win32
		{1A5767B6-D7E3-4792-9D5C-B03CD54B63F2}.Release|x86.Build.0 = Release|Win32
		{623A4CD4-1266-4E2B-BB2C-1CBB9A43D6D9}.Debug|x64.ActiveCfg = Debug|x64
		{623A4CD4-1266-4E2B-BB2C-1CBB9A43D6D9}.Debug|x64.Build.0 = Debug|x64
		{623A4CD4-1266-4E2B-BB2C-1CBB9A43D6D9}.Debug|x86.ActiveCfg = Debug|Win32
		{623A4CD4-1266-4E2B-BB2C-1CBB9A43D6D9}.Debug|x86.Build.0 = Debug|Win32
		{623A4CD4-1266-4E2B-BB2C-1CBB9A43D6D9}.Release|x64.ActiveCfg = Release|x64
		{623A4CD4-1266-4E2B-BB2C-1CBB9A43D6D9}.Release|x64.Build.0 = Release|x64
		{623A4CD4-1266-4E2B-BB2C-1CBB9A43D6D9}.Release|x86.ActiveCfg = Release|Win32
		{623A4CD4-1266-4E2B-BB2C-1CBB9A43D6D9}.Release|x86.Build.0 = Release|Win32
		{8E6F2243-775E-42AE-90D9-BB559A4C71FA}.Debug|x64.ActiveCfg = Debug|x64
		{8E6F2243-775E-42AE-90D9-BB559A4C71FA}.Debug|x64.Build.0 = Debug|x64
		{8E6F2243-775E-42AE-90D9-BB559A4C71FA}.Debug|x86.ActiveCfg = Debug|Win32
		{8E6F2243-775E-42AE-90D9-BB559A4C71FA}.Debug|x86.Build.0 = Debug|Win32
		{8E6F2243-775E-42AE-90D9-BB559A4C71FA}.Release|x64.ActiveCfg = Release|x64
		{8E6F2243-775E-42AE-90D9-BB559A4C71FA}.Release|x64.Build.0 = Release|x64
		{8E6F2243-775E-42AE-90D9-BB559A4C71FA}.Release|x86.ActiveCfg = Release|Win32
		{8E6F2243-775E-42AE-90D9-BB559A4C71FA}.Release|x86.Build.0 = Release|Win32
		{02D5A0AA-0FD3-4855-B5F5-3E25D50DF54F}.Debug|x64.ActiveCfg = Debug|x64
		{02D5A0AA-0FD3-4855-B5F5-3E25D50DF54F}.Debug|x64.Build.0 = Debug|x64
		{02D5A0AA-0FD3-4855-B5F5-3E25D50DF54F}.Debug|x86.ActiveCfg = Debug|Win32
		{02D5A0AA-0FD3-4855-B5F5-3E25D50DF54F}.Debug|x86.Build.0 = Debug|Win32
		{02D5A0AA-0FD3-4855-B5F5-3E25D50DF54F}.Release|x64.ActiveCfg = Release|x64
		{02D5A0AA-0FD3-4855-B5F5-3E25D50DF54F}.Release|x64.Build.0 = Release|x64
		{02D5A0AA-0FD3-4855-B5F5-3E25D50DF54F}.Release|x86.ActiveCfg = Release|Win32
		{02D5A0AA-0FD3-4855-B5F5-3E25D50DF54F}.Release|x86.Build.0 = Release|Win32
		{D586F469-3437-4238-8AFE-D835D813BF17}.Debug|x64.ActiveCfg = Debug|x64
		{D586F469-3437-4238-8AFE-D835D813BF17}.Debug|x64.Build.0 = Debug|x64
		{D586F469-3437-4238-8AFE-D835D813BF17}.Debug|x86.ActiveCfg = Debug|Win32
		{D586F469-3437-4238-8AFE-D835D813BF17}.Debug|x86.Build.0 = Debug|Win32
		{D586F469-3437-4238-8AFE-D835D813BF17}.Release|x64.ActiveCfg = Release|x64
		{D586F469-3437-4238-8AFE-D835D813BF17}.Release|x64.Build.0 = Release|x64
		{D586F469-3437-4238-8AFE-D835D813BF17}.Release|x86.ActiveCfg = Release|Win32
		{D586F469-3437-4238-8AFE-D835D813BF17}.Release|x86.Build.0 = Release|Win32
		{542D7BFA-F65E-47B9-A754-FAC9B732767D}.Debug|x64.ActiveCfg = Debug|x64
		{542D7BFA-F65E-47B9-A754-FAC9B732767D}.Debug|x64.Build.0 = Debug|x64
		{542D7BFA-F65E-47B9-A754-FAC9B732767D}.Debug|x86.ActiveCfg = Debug|Win32
		{542D7BFA-F65E-47B9-A754-FAC9B732767D}.Debug|x86.Build.0 = Debug|Win32
		{542D7BFA-F65E-47B9-A754-FAC9B732767D}.Release|x64.ActiveCfg = Release|x64
		{542D7BFA-F65E-47B9-A754-FAC9B732767D}.Release|x64.Build.0 = Release|x64
		{542D7BFA-F65E-47B9-A754-FAC9B732767D}.Release|x86.ActiveCfg = Release|Win32
		{542D7BFA-F65E-47B9-A754-FAC9B732767D}.Release|x86.Build.0 = Release|Win32
		{0F09DB99-5A2A-4F35-987F-DC0236815C59}.Debug|x64.ActiveCfg = Debug|x64
		{0F09DB99-5A2A-4F35-987F-DC0236815C59}.Debug|x64.Build.0 = Debug|x64
		{0F09DB99-5A2A-4F35-987F-DC0236815C59}.Debug|x86.ActiveCfg = Debug|Win32
		{0F09DB99-5A2A-4F35-987F-DC0236815C59}.Debug|x86.Build.0 = Debug|Win32
		{0F09DB99-5A2A-4F35-987F-DC0236815C59}.Release|x64.ActiveCfg = Release|x64
		{0F09DB99-5A2A-4F35-987F-DC0236815C59}.Release|x64.Build.0 = Release|x64
		{0F09DB99-5A2A-4F35-987F-DC0236815C59}.Release|x86.ActiveCfg = Release|Win32
		{0F09DB99-5A2A-4F35-987F-DC0236815C59}.Release|x86.Build.0 = Release|Win32
		{1794B85B-34AC-4FE3-978C-1E95BC52EA1C}.Debug|x64.ActiveCfg = Debug|x64
		{1794B85B-34AC-4FE3-978C-1E95BC52EA1C}.Debug|x64.Build.0 = Debug|x64
		{1794B85B-34AC-4FE3-978C-1E95BC52EA1C}.Debug|x86.ActiveCfg = Debug|Win32
		{1794B85B-34AC-4FE3-978C-1E95BC52EA1C}.Debug|x86.Build.0 = Debug|Win32
		{1794B85B-34AC-4FE3-978C-1E95BC52EA1C}.Release|x64.ActiveCfg = Release|x64
		{1794B85B-34AC-4FE3-978C-1E95BC52EA1C}.Release|x64.Build.0 = Release|x64
		{1794B85B-34AC-4FE3-978C-1E95BC52EA1C}.Release|x86.ActiveCfg = Release|Win32
		{1794B85B-34AC-4FE3-978C-1E95BC52EA1C}.Release|x86.Build.0 = Release|Win32
		{CF6CC1BB-6E8F-43EB-BFF4-9C7BA087A325}.Debug|x64.ActiveCfg = Debug|x64
		{CF6CC1BB-6E8F-43EB-BFF4-9C7BA087A325}.Debug|x64.Build.0 = Debug|x64
		{CF6CC1BB-6E8F-43EB-BFF4-9C7BA087A325}.Debug|x86.ActiveCfg = Debug|Win32
		{CF6CC1BB-6E8F-43EB-BFF4-9C7BA087A325}.Debug|x86.Build.0 = Debug|Win32
		{CF6CC1BB-6E8F-43EB-BFF4-9C7BA087A325}.Release|x64.ActiveCfg = Release|x64
		{CF6CC1BB-6E8F-43EB-BFF4-9C7BA087A325}.Release|x64.Build.0 = Release|x64
		{CF6CC1BB-6E8F-43EB-BFF4-9C7BA087A325}.Release|x86.ActiveCfg = Release|Win32
		{CF6CC1BB-6E8F-43EB-BFF4-9C7BA087A325}.Release|x86.Build.0 = Release|Win32
		{BA6CC1BB-6E8F-43EB-BFF4-9C7BA087A316}.Debug|x64.ActiveCfg = Debug|x64
		{BA6CC1BB-6E8F-43EB-BFF4-9C7BA087A316}.Debug|x64.Build.0 = Debug|x64
		{BA6CC1BB-6E8F-43EB-BFF4-9C7BA087A316}.Debug|x86.ActiveCfg = Debug|Win32
		{BA6CC1BB-6E8F-43EB-BFF4-9C7BA087A316}.Debug|x86.Build.0 = Debug|Win32
		{BA6CC1BB-6E8F-43EB-BFF4-9C7BA087A316}.Release|x64.ActiveCfg = Release|x64
		{BA6CC1BB-6E8F-43EB-BFF4-9C7BA087A316}.Release|x64.Build.0 = Release|x64
		{BA6CC1BB-6E8F-43EB-BFF4-9C7BA087A316}.Release|x86.ActiveCfg = Release|Win32
		{BA6CC1BB-6E8F-43EB-BFF4-9C7BA087A316}.Release|x86.Build.0 = Release|Win32
		{986BEFEE-67FD-4A7E-8CDC-CB030378CAFA}.Debug|x64.ActiveCfg = Debug|x64
		{986BEFEE-67FD-4A7E-8CDC-CB030378CAFA}.Debug|x64.Build.0 = Debug|x64
		{986BEFEE-67FD-4A7E-8CDC-CB030378CAFA}.Debug|x86.ActiveCfg = Debug|Win32
		{986BEFEE-67FD-4A7E-8CDC-CB030378CAFA}.Debug|x86.Build.0 = Debug|Win32
		{986BEFEE-67FD-4A7E-8CDC-CB030378CAFA}.Release|x64.ActiveCfg = Release|x64
		{986BEFEE-67FD-4A7E-8CDC-CB030378CAFA}.Release|x64.Build.0 = Release|x64
		{986BEFEE-67FD-4A7E-8CDC-CB030378CAFA}.Release|x86.ActiveCfg = Release|Win32
		{986BEFEE-67FD-4A7E-8CDC-CB030378CAFA}.Release|x86.Build.0 = Release|Win32
		{ABE39C24-DED3-4D42-AD9F-9F232EE1845E}.Debug|x64.ActiveCfg = Debug|x64
		{ABE39C24-DED3-4D42-AD9F-9F232EE1845E}.Debug|x64.Build.0 = Debug|x64
		{ABE39C24-DED3-4D42-AD9F-9F232EE1845E}.Debug|x86.ActiveCfg = Debug|Win32
		{ABE39C24-DED3-4D42-AD9F-9F232EE1845E}.Debug|x86.Build.0 = Debug|Win32
		{ABE39C24-DED3-4D42-AD9F-9F232EE1845E}.Release|x64.ActiveCfg = Release|x64
		{ABE39C24-DED3-4D42-AD9F-9F232EE1845E}.Release|x64.Build.0 = Release|x64
		{ABE39C24-DED3-4D42-AD9F-9F232EE1845E}.Release|x86.ActiveCfg = Release|Win32
		{ABE39C24-DED3-4D42-AD9F-9F232EE1845E}.Release|x86.Build.0 = Release|Win32
		{CF623BC8-68F2-4FFA-AAFD-953948828699}.Debug|x64.ActiveCfg = Debug|x64
		{CF623BC8-68F2-4FFA-AAFD-953948828699}.Debug|x64.Build.0 = Debug|x64
		{CF623BC8-68F2-4FFA-AAFD-953948828699}.Debug|x86.ActiveCfg = Debug|Win32
		{CF623BC8-68F2-4FFA-AAFD-953948828699}.Debug|x86.Build.0 = Debug|Win32
		{CF623BC8-68F2-4FFA-AAFD-953948828699}.Release|x64.ActiveCfg = Release|x64
		{CF623BC8-68F2-4FFA-AAFD-953948828699}.Release|x64.Build.0 = Release|x64
		{CF623BC8-68F2-4FFA-AAFD-953948828699}.Release|x86.ActiveCfg = Release|Win32
		{CF623BC8-68F2-4FFA-AAFD-953948828699}.Release|x86.Build.0 = Release|Win32
	EndGlobalSection
	GlobalSection(SolutionProperties) = preSolution
		HideSolutionNode = FALSE
	EndGlobalSection
	GlobalSection(NestedProjects) = preSolution
		{EA419D29-F512-4BF3-8F48-4857F6A04C97} = {B66C5C00-DDB9-48FB-9079-3AD7D7182D36}
		{1A5767B6-D7E3-4792-9D5C-B03CD54B63F2} = {B66C5C00-DDB9-48FB-9079-3AD7D7182D36}
		{993527A4-BA83-4040-879C-2289C490E443} = {800A8872-7D86-4ECE-8090-42916FAF286A}
		{1A9DD17D-8D1F-4372-B70F-980BA9E06AF5} = {800A8872-7D86-4ECE-8090-42916FAF286A}
		{623A4CD4-1266-4E2B-BB2C-1CBB9A43D6D9} = {55796CE1-7C81-47E9-BEC2-AB7A7246E513}
		{8E6F2243-775E-42AE-90D9-BB559A4C71FA} = {55796CE1-7C81-47E9-BEC2-AB7A7246E513}
		{D586F469-3437-4238-8AFE-D835D813BF17} = {1A9DD17D-8D1F-4372-B70F-980BA9E06AF5}
		{542D7BFA-F65E-47B9-A754-FAC9B732767D} = {993527A4-BA83-4040-879C-2289C490E443}
		{0F09DB99-5A2A-4F35-987F-DC0236815C59} = {993527A4-BA83-4040-879C-2289C490E443}
		{1794B85B-34AC-4FE3-978C-1E95BC52EA1C} = {993527A4-BA83-4040-879C-2289C490E443}
		{CF6CC1BB-6E8F-43EB-BFF4-9C7BA087A325} = {993527A4-BA83-4040-879C-2289C490E443}
		{BA6CC1BB-6E8F-43EB-BFF4-9C7BA087A316} = {993527A4-BA83-4040-879C-2289C490E443}
		{10687AF9-1119-4E65-936A-D48A0DDF411A} = {4B5C99CF-0291-4681-9CE3-02102F1BD060}
		{986BEFEE-67FD-4A7E-8CDC-CB030378CAFA} = {10687AF9-1119-4E65-936A-D48A0DDF411A}
		{ABE39C24-DED3-4D42-AD9F-9F232EE1845E} = {10687AF9-1119-4E65-936A-D48A0DDF411A}
		{F7CEFFD4-C4F9-4DCF-B871-27B8EE73AF15} = {4B5C99CF-0291-4681-9CE3-02102F1BD060}
		{CF623BC8-68F2-4FFA-AAFD-953948828699} = {F7CEFFD4-C4F9-4DCF-B871-27B8EE73AF15}
	EndGlobalSection
EndGlobal
