
Microsoft Visual Studio Solution File, Format Version 12.00
# Visual Studio 14
VisualStudioVersion = 14.0.23107.0
MinimumVisualStudioVersion = 10.0.40219.1
Project("{8BC9CEB8-8B4A-11D0-8D11-00A0C91BC942}") = "LongUI", "LongUI\LongUI.vcxproj", "{08A52CC4-96C2-4BCD-8378-7F70BC54485B}"
	ProjectSection(ProjectDependencies) = postProject
		{807529A5-64E5-4C2D-8CC9-D94F107E0BCB} = {807529A5-64E5-4C2D-8CC9-D94F107E0BCB}
		{F17A39B2-D5BF-4B97-8749-F372B5F45625} = {F17A39B2-D5BF-4B97-8749-F372B5F45625}
	EndProjectSection
EndProject
Project("{2150E333-8FDC-42A3-9474-1A3956D46DE8}") = "Helper", "Helper", "{BEB4458B-8A2D-481C-A4ED-08D9D1A310C8}"
EndProject
Project("{2150E333-8FDC-42A3-9474-1A3956D46DE8}") = "3rdParty", "3rdParty", "{D0F941E8-338B-4A45-804C-7B24732539D2}"
EndProject
Project("{8BC9CEB8-8B4A-11D0-8D11-00A0C91BC942}") = "dlmalloc", "3rdParty\dlmalloc\dlmalloc.vcxproj", "{24BA6B9D-773F-4D99-8EC5-EF060F7D4C55}"
EndProject
Project("{8BC9CEB8-8B4A-11D0-8D11-00A0C91BC942}") = "pugixml", "3rdParty\pugixml\pugixml.vcxproj", "{DDF22BED-A0A3-49C3-8B05-4CC9FF3493B4}"
EndProject
Project("{8BC9CEB8-8B4A-11D0-8D11-00A0C91BC942}") = "ScriptInterfaceGenerator", "Helper\ScriptInterfaceGenerator\ScriptInterfaceGenerator.vcxproj", "{164DAB8D-E1C9-4577-AD17-7519A9760DD2}"
EndProject
Project("{8BC9CEB8-8B4A-11D0-8D11-00A0C91BC942}") = "ConsoleHelper", "Helper\ConsoleHelper\ConsoleHelper.vcxproj", "{807529A5-64E5-4C2D-8CC9-D94F107E0BCB}"
EndProject
Project("{2150E333-8FDC-42A3-9474-1A3956D46DE8}") = "Demos", "Demos", "{90E3CD31-FEC7-49B8-B28B-C4AFC6E21562}"
EndProject
Project("{2150E333-8FDC-42A3-9474-1A3956D46DE8}") = "Additional", "Additional", "{DE0CDBC4-DC32-4BAA-AE8D-7AC786EBE483}"
EndProject
Project("{8BC9CEB8-8B4A-11D0-8D11-00A0C91BC942}") = "AdditionalClass", "Additional\AdditionalClass\AdditionalClass.vcxproj", "{BDBCAF3D-2810-4660-8C80-99BB4B6BAE7C}"
EndProject
Project("{8BC9CEB8-8B4A-11D0-8D11-00A0C91BC942}") = "TestUI", "TestUI\TestUI.vcxproj", "{FE1AC908-FD1E-4ED7-B59C-99D198408CFA}"
	ProjectSection(ProjectDependencies) = postProject
		{24BA6B9D-773F-4D99-8EC5-EF060F7D4C55} = {24BA6B9D-773F-4D99-8EC5-EF060F7D4C55}
		{08A52CC4-96C2-4BCD-8378-7F70BC54485B} = {08A52CC4-96C2-4BCD-8378-7F70BC54485B}
		{DDF22BED-A0A3-49C3-8B05-4CC9FF3493B4} = {DDF22BED-A0A3-49C3-8B05-4CC9FF3493B4}
	EndProjectSection
EndProject
Project("{2150E333-8FDC-42A3-9474-1A3956D46DE8}") = "A_StepByStep", "A_StepByStep", "{FE292B3E-E208-49A8-A55B-7FEEB04FDECB}"
EndProject
Project("{2150E333-8FDC-42A3-9474-1A3956D46DE8}") = "B_FeaturesShow", "B_FeaturesShow", "{73620C3B-EB11-4C81-B0F9-73826292C019}"
EndProject
Project("{8BC9CEB8-8B4A-11D0-8D11-00A0C91BC942}") = "Step1_helloworld", "Demos\Step1_helloworld\Step1_helloworld.vcxproj", "{542D7BFA-F65E-47B9-A754-FAC9B732767D}"
	ProjectSection(ProjectDependencies) = postProject
		{24BA6B9D-773F-4D99-8EC5-EF060F7D4C55} = {24BA6B9D-773F-4D99-8EC5-EF060F7D4C55}
		{08A52CC4-96C2-4BCD-8378-7F70BC54485B} = {08A52CC4-96C2-4BCD-8378-7F70BC54485B}
		{DDF22BED-A0A3-49C3-8B05-4CC9FF3493B4} = {DDF22BED-A0A3-49C3-8B05-4CC9FF3493B4}
	EndProjectSection
EndProject
Project("{8BC9CEB8-8B4A-11D0-8D11-00A0C91BC942}") = "Step2_handleevent", "Demos\Step2_handleevent\Step2_handleevent.vcxproj", "{0F09DB99-5A2A-4F35-987F-DC0236815C59}"
	ProjectSection(ProjectDependencies) = postProject
		{24BA6B9D-773F-4D99-8EC5-EF060F7D4C55} = {24BA6B9D-773F-4D99-8EC5-EF060F7D4C55}
		{08A52CC4-96C2-4BCD-8378-7F70BC54485B} = {08A52CC4-96C2-4BCD-8378-7F70BC54485B}
		{DDF22BED-A0A3-49C3-8B05-4CC9FF3493B4} = {DDF22BED-A0A3-49C3-8B05-4CC9FF3493B4}
	EndProjectSection
EndProject
Project("{8BC9CEB8-8B4A-11D0-8D11-00A0C91BC942}") = "Step3_handleeventex", "Demos\Step3_handleeventex\Step3_handleeventex.vcxproj", "{1794B85B-34AC-4FE3-978C-1E95BC52EA1C}"
	ProjectSection(ProjectDependencies) = postProject
		{24BA6B9D-773F-4D99-8EC5-EF060F7D4C55} = {24BA6B9D-773F-4D99-8EC5-EF060F7D4C55}
		{08A52CC4-96C2-4BCD-8378-7F70BC54485B} = {08A52CC4-96C2-4BCD-8378-7F70BC54485B}
		{DDF22BED-A0A3-49C3-8B05-4CC9FF3493B4} = {DDF22BED-A0A3-49C3-8B05-4CC9FF3493B4}
	EndProjectSection
EndProject
Project("{8BC9CEB8-8B4A-11D0-8D11-00A0C91BC942}") = "Step4_basiconfigure", "Demos\Step4_basiconfigure\Step4_basiconfigure.vcxproj", "{CF6CC1BB-6E8F-43EB-BFF4-9C7BA087A325}"
	ProjectSection(ProjectDependencies) = postProject
		{24BA6B9D-773F-4D99-8EC5-EF060F7D4C55} = {24BA6B9D-773F-4D99-8EC5-EF060F7D4C55}
		{08A52CC4-96C2-4BCD-8378-7F70BC54485B} = {08A52CC4-96C2-4BCD-8378-7F70BC54485B}
		{DDF22BED-A0A3-49C3-8B05-4CC9FF3493B4} = {DDF22BED-A0A3-49C3-8B05-4CC9FF3493B4}
	EndProjectSection
EndProject
Project("{8BC9CEB8-8B4A-11D0-8D11-00A0C91BC942}") = "Show1_LCML", "Demos\Show1_LCML\Show1_LCML.vcxproj", "{D586F469-3437-4238-8AFE-D835D813BF17}"
	ProjectSection(ProjectDependencies) = postProject
		{24BA6B9D-773F-4D99-8EC5-EF060F7D4C55} = {24BA6B9D-773F-4D99-8EC5-EF060F7D4C55}
		{08A52CC4-96C2-4BCD-8378-7F70BC54485B} = {08A52CC4-96C2-4BCD-8378-7F70BC54485B}
		{DDF22BED-A0A3-49C3-8B05-4CC9FF3493B4} = {DDF22BED-A0A3-49C3-8B05-4CC9FF3493B4}
	EndProjectSection
EndProject
Project("{8BC9CEB8-8B4A-11D0-8D11-00A0C91BC942}") = "CppAllInOne", "Helper\CppAllInOne\CppAllInOne.vcxproj", "{F17A39B2-D5BF-4B97-8749-F372B5F45625}"
EndProject
Global
	GlobalSection(SolutionConfigurationPlatforms) = preSolution
		Debug|x64 = Debug|x64
		Debug|x86 = Debug|x86
		Release|x64 = Release|x64
		Release|x86 = Release|x86
	EndGlobalSection
	GlobalSection(ProjectConfigurationPlatforms) = postSolution
		{08A52CC4-96C2-4BCD-8378-7F70BC54485B}.Debug|x64.ActiveCfg = Debug|x64
		{08A52CC4-96C2-4BCD-8378-7F70BC54485B}.Debug|x64.Build.0 = Debug|x64
		{08A52CC4-96C2-4BCD-8378-7F70BC54485B}.Debug|x86.ActiveCfg = Debug|Win32
		{08A52CC4-96C2-4BCD-8378-7F70BC54485B}.Debug|x86.Build.0 = Debug|Win32
		{08A52CC4-96C2-4BCD-8378-7F70BC54485B}.Release|x64.ActiveCfg = Release|x64
		{08A52CC4-96C2-4BCD-8378-7F70BC54485B}.Release|x64.Build.0 = Release|x64
		{08A52CC4-96C2-4BCD-8378-7F70BC54485B}.Release|x86.ActiveCfg = Release|Win32
		{08A52CC4-96C2-4BCD-8378-7F70BC54485B}.Release|x86.Build.0 = Release|Win32
		{24BA6B9D-773F-4D99-8EC5-EF060F7D4C55}.Debug|x64.ActiveCfg = Debug|x64
		{24BA6B9D-773F-4D99-8EC5-EF060F7D4C55}.Debug|x64.Build.0 = Debug|x64
		{24BA6B9D-773F-4D99-8EC5-EF060F7D4C55}.Debug|x86.ActiveCfg = Debug|Win32
		{24BA6B9D-773F-4D99-8EC5-EF060F7D4C55}.Debug|x86.Build.0 = Debug|Win32
		{24BA6B9D-773F-4D99-8EC5-EF060F7D4C55}.Release|x64.ActiveCfg = Release|x64
		{24BA6B9D-773F-4D99-8EC5-EF060F7D4C55}.Release|x64.Build.0 = Release|x64
		{24BA6B9D-773F-4D99-8EC5-EF060F7D4C55}.Release|x86.ActiveCfg = Release|Win32
		{24BA6B9D-773F-4D99-8EC5-EF060F7D4C55}.Release|x86.Build.0 = Release|Win32
		{DDF22BED-A0A3-49C3-8B05-4CC9FF3493B4}.Debug|x64.ActiveCfg = Debug|x64
		{DDF22BED-A0A3-49C3-8B05-4CC9FF3493B4}.Debug|x64.Build.0 = Debug|x64
		{DDF22BED-A0A3-49C3-8B05-4CC9FF3493B4}.Debug|x86.ActiveCfg = Debug|Win32
		{DDF22BED-A0A3-49C3-8B05-4CC9FF3493B4}.Debug|x86.Build.0 = Debug|Win32
		{DDF22BED-A0A3-49C3-8B05-4CC9FF3493B4}.Release|x64.ActiveCfg = Release|x64
		{DDF22BED-A0A3-49C3-8B05-4CC9FF3493B4}.Release|x64.Build.0 = Release|x64
		{DDF22BED-A0A3-49C3-8B05-4CC9FF3493B4}.Release|x86.ActiveCfg = Release|Win32
		{DDF22BED-A0A3-49C3-8B05-4CC9FF3493B4}.Release|x86.Build.0 = Release|Win32
		{164DAB8D-E1C9-4577-AD17-7519A9760DD2}.Debug|x64.ActiveCfg = Debug|x64
		{164DAB8D-E1C9-4577-AD17-7519A9760DD2}.Debug|x64.Build.0 = Debug|x64
		{164DAB8D-E1C9-4577-AD17-7519A9760DD2}.Debug|x86.ActiveCfg = Debug|Win32
		{164DAB8D-E1C9-4577-AD17-7519A9760DD2}.Debug|x86.Build.0 = Debug|Win32
		{164DAB8D-E1C9-4577-AD17-7519A9760DD2}.Release|x64.ActiveCfg = Release|x64
		{164DAB8D-E1C9-4577-AD17-7519A9760DD2}.Release|x64.Build.0 = Release|x64
		{164DAB8D-E1C9-4577-AD17-7519A9760DD2}.Release|x86.ActiveCfg = Release|Win32
		{164DAB8D-E1C9-4577-AD17-7519A9760DD2}.Release|x86.Build.0 = Release|Win32
		{807529A5-64E5-4C2D-8CC9-D94F107E0BCB}.Debug|x64.ActiveCfg = Debug|x64
		{807529A5-64E5-4C2D-8CC9-D94F107E0BCB}.Debug|x64.Build.0 = Debug|x64
		{807529A5-64E5-4C2D-8CC9-D94F107E0BCB}.Debug|x86.ActiveCfg = Debug|Win32
		{807529A5-64E5-4C2D-8CC9-D94F107E0BCB}.Debug|x86.Build.0 = Debug|Win32
		{807529A5-64E5-4C2D-8CC9-D94F107E0BCB}.Release|x64.ActiveCfg = Release|x64
		{807529A5-64E5-4C2D-8CC9-D94F107E0BCB}.Release|x64.Build.0 = Release|x64
		{807529A5-64E5-4C2D-8CC9-D94F107E0BCB}.Release|x86.ActiveCfg = Release|Win32
		{807529A5-64E5-4C2D-8CC9-D94F107E0BCB}.Release|x86.Build.0 = Release|Win32
		{BDBCAF3D-2810-4660-8C80-99BB4B6BAE7C}.Debug|x64.ActiveCfg = Debug|x64
		{BDBCAF3D-2810-4660-8C80-99BB4B6BAE7C}.Debug|x64.Build.0 = Debug|x64
		{BDBCAF3D-2810-4660-8C80-99BB4B6BAE7C}.Debug|x86.ActiveCfg = Debug|Win32
		{BDBCAF3D-2810-4660-8C80-99BB4B6BAE7C}.Debug|x86.Build.0 = Debug|Win32
		{BDBCAF3D-2810-4660-8C80-99BB4B6BAE7C}.Release|x64.ActiveCfg = Release|x64
		{BDBCAF3D-2810-4660-8C80-99BB4B6BAE7C}.Release|x64.Build.0 = Release|x64
		{BDBCAF3D-2810-4660-8C80-99BB4B6BAE7C}.Release|x86.ActiveCfg = Release|Win32
		{BDBCAF3D-2810-4660-8C80-99BB4B6BAE7C}.Release|x86.Build.0 = Release|Win32
		{FE1AC908-FD1E-4ED7-B59C-99D198408CFA}.Debug|x64.ActiveCfg = Debug|x64
		{FE1AC908-FD1E-4ED7-B59C-99D198408CFA}.Debug|x64.Build.0 = Debug|x64
		{FE1AC908-FD1E-4ED7-B59C-99D198408CFA}.Debug|x86.ActiveCfg = Debug|Win32
		{FE1AC908-FD1E-4ED7-B59C-99D198408CFA}.Debug|x86.Build.0 = Debug|Win32
		{FE1AC908-FD1E-4ED7-B59C-99D198408CFA}.Release|x64.ActiveCfg = Release|x64
		{FE1AC908-FD1E-4ED7-B59C-99D198408CFA}.Release|x64.Build.0 = Release|x64
		{FE1AC908-FD1E-4ED7-B59C-99D198408CFA}.Release|x86.ActiveCfg = Release|Win32
		{FE1AC908-FD1E-4ED7-B59C-99D198408CFA}.Release|x86.Build.0 = Release|Win32
		{542D7BFA-F65E-47B9-A754-FAC9B732767D}.Debug|x64.ActiveCfg = Debug|x64
		{542D7BFA-F65E-47B9-A754-FAC9B732767D}.Debug|x64.Build.0 = Debug|x64
		{542D7BFA-F65E-47B9-A754-FAC9B732767D}.Debug|x86.ActiveCfg = Debug|Win32
		{542D7BFA-F65E-47B9-A754-FAC9B732767D}.Debug|x86.Build.0 = Debug|Win32
		{542D7BFA-F65E-47B9-A754-FAC9B732767D}.Release|x64.ActiveCfg = Release|x64
		{542D7BFA-F65E-47B9-A754-FAC9B732767D}.Release|x64.Build.0 = Release|x64
		{542D7BFA-F65E-47B9-A754-FAC9B732767D}.Release|x86.ActiveCfg = Release|Win32
		{542D7BFA-F65E-47B9-A754-FAC9B732767D}.Release|x86.Build.0 = Release|Win32
		{0F09DB99-5A2A-4F35-987F-DC0236815C59}.Debug|x64.ActiveCfg = Debug|x64
		{0F09DB99-5A2A-4F35-987F-DC0236815C59}.Debug|x64.Build.0 = Debug|x64
		{0F09DB99-5A2A-4F35-987F-DC0236815C59}.Debug|x86.ActiveCfg = Debug|Win32
		{0F09DB99-5A2A-4F35-987F-DC0236815C59}.Debug|x86.Build.0 = Debug|Win32
		{0F09DB99-5A2A-4F35-987F-DC0236815C59}.Release|x64.ActiveCfg = Release|x64
		{0F09DB99-5A2A-4F35-987F-DC0236815C59}.Release|x64.Build.0 = Release|x64
		{0F09DB99-5A2A-4F35-987F-DC0236815C59}.Release|x86.ActiveCfg = Release|Win32
		{0F09DB99-5A2A-4F35-987F-DC0236815C59}.Release|x86.Build.0 = Release|Win32
		{1794B85B-34AC-4FE3-978C-1E95BC52EA1C}.Debug|x64.ActiveCfg = Debug|x64
		{1794B85B-34AC-4FE3-978C-1E95BC52EA1C}.Debug|x64.Build.0 = Debug|x64
		{1794B85B-34AC-4FE3-978C-1E95BC52EA1C}.Debug|x86.ActiveCfg = Debug|Win32
		{1794B85B-34AC-4FE3-978C-1E95BC52EA1C}.Debug|x86.Build.0 = Debug|Win32
		{1794B85B-34AC-4FE3-978C-1E95BC52EA1C}.Release|x64.ActiveCfg = Release|x64
		{1794B85B-34AC-4FE3-978C-1E95BC52EA1C}.Release|x64.Build.0 = Release|x64
		{1794B85B-34AC-4FE3-978C-1E95BC52EA1C}.Release|x86.ActiveCfg = Release|Win32
		{1794B85B-34AC-4FE3-978C-1E95BC52EA1C}.Release|x86.Build.0 = Release|Win32
		{CF6CC1BB-6E8F-43EB-BFF4-9C7BA087A325}.Debug|x64.ActiveCfg = Debug|x64
		{CF6CC1BB-6E8F-43EB-BFF4-9C7BA087A325}.Debug|x64.Build.0 = Debug|x64
		{CF6CC1BB-6E8F-43EB-BFF4-9C7BA087A325}.Debug|x86.ActiveCfg = Debug|Win32
		{CF6CC1BB-6E8F-43EB-BFF4-9C7BA087A325}.Debug|x86.Build.0 = Debug|Win32
		{CF6CC1BB-6E8F-43EB-BFF4-9C7BA087A325}.Release|x64.ActiveCfg = Release|x64
		{CF6CC1BB-6E8F-43EB-BFF4-9C7BA087A325}.Release|x64.Build.0 = Release|x64
		{CF6CC1BB-6E8F-43EB-BFF4-9C7BA087A325}.Release|x86.ActiveCfg = Release|Win32
		{CF6CC1BB-6E8F-43EB-BFF4-9C7BA087A325}.Release|x86.Build.0 = Release|Win32
		{D586F469-3437-4238-8AFE-D835D813BF17}.Debug|x64.ActiveCfg = Debug|x64
		{D586F469-3437-4238-8AFE-D835D813BF17}.Debug|x64.Build.0 = Debug|x64
		{D586F469-3437-4238-8AFE-D835D813BF17}.Debug|x86.ActiveCfg = Debug|Win32
		{D586F469-3437-4238-8AFE-D835D813BF17}.Debug|x86.Build.0 = Debug|Win32
		{D586F469-3437-4238-8AFE-D835D813BF17}.Release|x64.ActiveCfg = Release|x64
		{D586F469-3437-4238-8AFE-D835D813BF17}.Release|x64.Build.0 = Release|x64
		{D586F469-3437-4238-8AFE-D835D813BF17}.Release|x86.ActiveCfg = Release|Win32
		{D586F469-3437-4238-8AFE-D835D813BF17}.Release|x86.Build.0 = Release|Win32
		{F17A39B2-D5BF-4B97-8749-F372B5F45625}.Debug|x64.ActiveCfg = Debug|x64
		{F17A39B2-D5BF-4B97-8749-F372B5F45625}.Debug|x64.Build.0 = Debug|x64
		{F17A39B2-D5BF-4B97-8749-F372B5F45625}.Debug|x86.ActiveCfg = Debug|Win32
		{F17A39B2-D5BF-4B97-8749-F372B5F45625}.Debug|x86.Build.0 = Debug|Win32
		{F17A39B2-D5BF-4B97-8749-F372B5F45625}.Release|x64.ActiveCfg = Release|x64
		{F17A39B2-D5BF-4B97-8749-F372B5F45625}.Release|x64.Build.0 = Release|x64
		{F17A39B2-D5BF-4B97-8749-F372B5F45625}.Release|x86.ActiveCfg = Release|Win32
		{F17A39B2-D5BF-4B97-8749-F372B5F45625}.Release|x86.Build.0 = Release|Win32
	EndGlobalSection
	GlobalSection(SolutionProperties) = preSolution
		HideSolutionNode = FALSE
	EndGlobalSection
	GlobalSection(NestedProjects) = preSolution
		{24BA6B9D-773F-4D99-8EC5-EF060F7D4C55} = {D0F941E8-338B-4A45-804C-7B24732539D2}
		{DDF22BED-A0A3-49C3-8B05-4CC9FF3493B4} = {D0F941E8-338B-4A45-804C-7B24732539D2}
		{164DAB8D-E1C9-4577-AD17-7519A9760DD2} = {BEB4458B-8A2D-481C-A4ED-08D9D1A310C8}
		{807529A5-64E5-4C2D-8CC9-D94F107E0BCB} = {BEB4458B-8A2D-481C-A4ED-08D9D1A310C8}
		{BDBCAF3D-2810-4660-8C80-99BB4B6BAE7C} = {DE0CDBC4-DC32-4BAA-AE8D-7AC786EBE483}
		{FE292B3E-E208-49A8-A55B-7FEEB04FDECB} = {90E3CD31-FEC7-49B8-B28B-C4AFC6E21562}
		{73620C3B-EB11-4C81-B0F9-73826292C019} = {90E3CD31-FEC7-49B8-B28B-C4AFC6E21562}
		{542D7BFA-F65E-47B9-A754-FAC9B732767D} = {FE292B3E-E208-49A8-A55B-7FEEB04FDECB}
		{0F09DB99-5A2A-4F35-987F-DC0236815C59} = {FE292B3E-E208-49A8-A55B-7FEEB04FDECB}
		{1794B85B-34AC-4FE3-978C-1E95BC52EA1C} = {FE292B3E-E208-49A8-A55B-7FEEB04FDECB}
		{CF6CC1BB-6E8F-43EB-BFF4-9C7BA087A325} = {FE292B3E-E208-49A8-A55B-7FEEB04FDECB}
		{D586F469-3437-4238-8AFE-D835D813BF17} = {73620C3B-EB11-4C81-B0F9-73826292C019}
		{F17A39B2-D5BF-4B97-8749-F372B5F45625} = {BEB4458B-8A2D-481C-A4ED-08D9D1A310C8}
	EndGlobalSection
EndGlobal
