
Microsoft Visual Studio Solution File, Format Version 12.00
# Visual Studio 14
VisualStudioVersion = 14.0.25029.0
MinimumVisualStudioVersion = 10.0.40219.1
Project("{8BC9CEB8-8B4A-11D0-8D11-00A0C91BC942}") = "LongUI", "LongUI\LongUI.vcxproj", "{B4BEEE58-56C6-4C5A-901A-0AF28EED1E06}"
	ProjectSection(ProjectDependencies) = postProject
		{EA419D29-F512-4BF3-8F48-4857F6A04C97} = {EA419D29-F512-4BF3-8F48-4857F6A04C97}
		{B206B073-1261-45DE-AAAC-679E701C1CC2} = {B206B073-1261-45DE-AAAC-679E701C1CC2}
		{1A5767B6-D7E3-4792-9D5C-B03CD54B63F2} = {1A5767B6-D7E3-4792-9D5C-B03CD54B63F2}
		{623A4CD4-1266-4E2B-BB2C-1CBB9A43D6D9} = {623A4CD4-1266-4E2B-BB2C-1CBB9A43D6D9}
	EndProjectSection
EndProject
Project("{2150E333-8FDC-42A3-9474-1A3956D46DE8}") = "3rdParty", "3rdParty", "{B66C5C00-DDB9-48FB-9079-3AD7D7182D36}"
EndProject
Project("{8BC9CEB8-8B4A-11D0-8D11-00A0C91BC942}") = "dlmalloc", "3rdParty\dlmalloc\dlmalloc.vcxproj", "{EA419D29-F512-4BF3-8F48-4857F6A04C97}"
EndProject
Project("{8BC9CEB8-8B4A-11D0-8D11-00A0C91BC942}") = "pugixml", "3rdParty\pugixml\pugixml.vcxproj", "{1A5767B6-D7E3-4792-9D5C-B03CD54B63F2}"
EndProject
Project("{2150E333-8FDC-42A3-9474-1A3956D46DE8}") = "Demos", "Demos", "{800A8872-7D86-4ECE-8090-42916FAF286A}"
EndProject
Project("{2150E333-8FDC-42A3-9474-1A3956D46DE8}") = "A_StepByStep", "A_StepByStep", "{993527A4-BA83-4040-879C-2289C490E443}"
EndProject
Project("{2150E333-8FDC-42A3-9474-1A3956D46DE8}") = "B_FeaturesShow", "B_FeaturesShow", "{1A9DD17D-8D1F-4372-B70F-980BA9E06AF5}"
EndProject
Project("{2150E333-8FDC-42A3-9474-1A3956D46DE8}") = "Helper", "Helper", "{55796CE1-7C81-47E9-BEC2-AB7A7246E513}"
EndProject
Project("{8BC9CEB8-8B4A-11D0-8D11-00A0C91BC942}") = "ConsoleHelper", "Helper\ConsoleHelper\ConsoleHelper.vcxproj", "{623A4CD4-1266-4E2B-BB2C-1CBB9A43D6D9}"
EndProject
Project("{8BC9CEB8-8B4A-11D0-8D11-00A0C91BC942}") = "CppAllInOne", "Helper\CppAllInOne\CppAllInOne.vcxproj", "{B206B073-1261-45DE-AAAC-679E701C1CC2}"
EndProject
Project("{8BC9CEB8-8B4A-11D0-8D11-00A0C91BC942}") = "ScriptInterfaceGenerator", "Helper\ScriptInterfaceGenerator\ScriptInterfaceGenerator.vcxproj", "{8E6F2243-775E-42AE-90D9-BB559A4C71FA}"
EndProject
Project("{8BC9CEB8-8B4A-11D0-8D11-00A0C91BC942}") = "TestUI", "TestUI\TestUI.vcxproj", "{02D5A0AA-0FD3-4855-B5F5-3E25D50DF54F}"
	ProjectSection(ProjectDependencies) = postProject
		{B4BEEE58-56C6-4C5A-901A-0AF28EED1E06} = {B4BEEE58-56C6-4C5A-901A-0AF28EED1E06}
	EndProjectSection
EndProject
Global
	GlobalSection(SolutionConfigurationPlatforms) = preSolution
		Debug|x64 = Debug|x64
		Debug|x86 = Debug|x86
		Release|x64 = Release|x64
		Release|x86 = Release|x86
	EndGlobalSection
	GlobalSection(ProjectConfigurationPlatforms) = postSolution
		{B4BEEE58-56C6-4C5A-901A-0AF28EED1E06}.Debug|x64.ActiveCfg = Debug|x64
		{B4BEEE58-56C6-4C5A-901A-0AF28EED1E06}.Debug|x64.Build.0 = Debug|x64
		{B4BEEE58-56C6-4C5A-901A-0AF28EED1E06}.Debug|x86.ActiveCfg = Debug|Win32
		{B4BEEE58-56C6-4C5A-901A-0AF28EED1E06}.Debug|x86.Build.0 = Debug|Win32
		{B4BEEE58-56C6-4C5A-901A-0AF28EED1E06}.Release|x64.ActiveCfg = Release|x64
		{B4BEEE58-56C6-4C5A-901A-0AF28EED1E06}.Release|x64.Build.0 = Release|x64
		{B4BEEE58-56C6-4C5A-901A-0AF28EED1E06}.Release|x86.ActiveCfg = Release|Win32
		{B4BEEE58-56C6-4C5A-901A-0AF28EED1E06}.Release|x86.Build.0 = Release|Win32
		{EA419D29-F512-4BF3-8F48-4857F6A04C97}.Debug|x64.ActiveCfg = Debug|x64
		{EA419D29-F512-4BF3-8F48-4857F6A04C97}.Debug|x64.Build.0 = Debug|x64
		{EA419D29-F512-4BF3-8F48-4857F6A04C97}.Debug|x86.ActiveCfg = Debug|Win32
		{EA419D29-F512-4BF3-8F48-4857F6A04C97}.Debug|x86.Build.0 = Debug|Win32
		{EA419D29-F512-4BF3-8F48-4857F6A04C97}.Release|x64.ActiveCfg = Release|x64
		{EA419D29-F512-4BF3-8F48-4857F6A04C97}.Release|x64.Build.0 = Release|x64
		{EA419D29-F512-4BF3-8F48-4857F6A04C97}.Release|x86.ActiveCfg = Release|Win32
		{EA419D29-F512-4BF3-8F48-4857F6A04C97}.Release|x86.Build.0 = Release|Win32
		{1A5767B6-D7E3-4792-9D5C-B03CD54B63F2}.Debug|x64.ActiveCfg = Debug|x64
		{1A5767B6-D7E3-4792-9D5C-B03CD54B63F2}.Debug|x64.Build.0 = Debug|x64
		{1A5767B6-D7E3-4792-9D5C-B03CD54B63F2}.Debug|x86.ActiveCfg = Debug|Win32
		{1A5767B6-D7E3-4792-9D5C-B03CD54B63F2}.Debug|x86.Build.0 = Debug|Win32
		{1A5767B6-D7E3-4792-9D5C-B03CD54B63F2}.Release|x64.ActiveCfg = Release|x64
		{1A5767B6-D7E3-4792-9D5C-B03CD54B63F2}.Release|x64.Build.0 = Release|x64
		{1A5767B6-D7E3-4792-9D5C-B03CD54B63F2}.Release|x86.ActiveCfg = Release|Win32
		{1A5767B6-D7E3-4792-9D5C-B03CD54B63F2}.Release|x86.Build.0 = Release|Win32
		{623A4CD4-1266-4E2B-BB2C-1CBB9A43D6D9}.Debug|x64.ActiveCfg = Debug|x64
		{623A4CD4-1266-4E2B-BB2C-1CBB9A43D6D9}.Debug|x64.Build.0 = Debug|x64
		{623A4CD4-1266-4E2B-BB2C-1CBB9A43D6D9}.Debug|x86.ActiveCfg = Debug|Win32
		{623A4CD4-1266-4E2B-BB2C-1CBB9A43D6D9}.Debug|x86.Build.0 = Debug|Win32
		{623A4CD4-1266-4E2B-BB2C-1CBB9A43D6D9}.Release|x64.ActiveCfg = Release|x64
		{623A4CD4-1266-4E2B-BB2C-1CBB9A43D6D9}.Release|x64.Build.0 = Release|x64
		{623A4CD4-1266-4E2B-BB2C-1CBB9A43D6D9}.Release|x86.ActiveCfg = Release|Win32
		{623A4CD4-1266-4E2B-BB2C-1CBB9A43D6D9}.Release|x86.Build.0 = Release|Win32
		{B206B073-1261-45DE-AAAC-679E701C1CC2}.Debug|x64.ActiveCfg = Debug|x64
		{B206B073-1261-45DE-AAAC-679E701C1CC2}.Debug|x64.Build.0 = Debug|x64
		{B206B073-1261-45DE-AAAC-679E701C1CC2}.Debug|x86.ActiveCfg = Debug|Win32
		{B206B073-1261-45DE-AAAC-679E701C1CC2}.Debug|x86.Build.0 = Debug|Win32
		{B206B073-1261-45DE-AAAC-679E701C1CC2}.Release|x64.ActiveCfg = Release|x64
		{B206B073-1261-45DE-AAAC-679E701C1CC2}.Release|x64.Build.0 = Release|x64
		{B206B073-1261-45DE-AAAC-679E701C1CC2}.Release|x86.ActiveCfg = Release|Win32
		{B206B073-1261-45DE-AAAC-679E701C1CC2}.Release|x86.Build.0 = Release|Win32
		{8E6F2243-775E-42AE-90D9-BB559A4C71FA}.Debug|x64.ActiveCfg = Debug|x64
		{8E6F2243-775E-42AE-90D9-BB559A4C71FA}.Debug|x64.Build.0 = Debug|x64
		{8E6F2243-775E-42AE-90D9-BB559A4C71FA}.Debug|x86.ActiveCfg = Debug|Win32
		{8E6F2243-775E-42AE-90D9-BB559A4C71FA}.Debug|x86.Build.0 = Debug|Win32
		{8E6F2243-775E-42AE-90D9-BB559A4C71FA}.Release|x64.ActiveCfg = Release|x64
		{8E6F2243-775E-42AE-90D9-BB559A4C71FA}.Release|x64.Build.0 = Release|x64
		{8E6F2243-775E-42AE-90D9-BB559A4C71FA}.Release|x86.ActiveCfg = Release|Win32
		{8E6F2243-775E-42AE-90D9-BB559A4C71FA}.Release|x86.Build.0 = Release|Win32
		{02D5A0AA-0FD3-4855-B5F5-3E25D50DF54F}.Debug|x64.ActiveCfg = Debug|x64
		{02D5A0AA-0FD3-4855-B5F5-3E25D50DF54F}.Debug|x64.Build.0 = Debug|x64
		{02D5A0AA-0FD3-4855-B5F5-3E25D50DF54F}.Debug|x86.ActiveCfg = Debug|Win32
		{02D5A0AA-0FD3-4855-B5F5-3E25D50DF54F}.Debug|x86.Build.0 = Debug|Win32
		{02D5A0AA-0FD3-4855-B5F5-3E25D50DF54F}.Release|x64.ActiveCfg = Release|x64
		{02D5A0AA-0FD3-4855-B5F5-3E25D50DF54F}.Release|x64.Build.0 = Release|x64
		{02D5A0AA-0FD3-4855-B5F5-3E25D50DF54F}.Release|x86.ActiveCfg = Release|Win32
		{02D5A0AA-0FD3-4855-B5F5-3E25D50DF54F}.Release|x86.Build.0 = Release|Win32
	EndGlobalSection
	GlobalSection(SolutionProperties) = preSolution
		HideSolutionNode = FALSE
	EndGlobalSection
	GlobalSection(NestedProjects) = preSolution
		{EA419D29-F512-4BF3-8F48-4857F6A04C97} = {B66C5C00-DDB9-48FB-9079-3AD7D7182D36}
		{1A5767B6-D7E3-4792-9D5C-B03CD54B63F2} = {B66C5C00-DDB9-48FB-9079-3AD7D7182D36}
		{993527A4-BA83-4040-879C-2289C490E443} = {800A8872-7D86-4ECE-8090-42916FAF286A}
		{1A9DD17D-8D1F-4372-B70F-980BA9E06AF5} = {800A8872-7D86-4ECE-8090-42916FAF286A}
		{623A4CD4-1266-4E2B-BB2C-1CBB9A43D6D9} = {55796CE1-7C81-47E9-BEC2-AB7A7246E513}
		{B206B073-1261-45DE-AAAC-679E701C1CC2} = {55796CE1-7C81-47E9-BEC2-AB7A7246E513}
		{8E6F2243-775E-42AE-90D9-BB559A4C71FA} = {55796CE1-7C81-47E9-BEC2-AB7A7246E513}
	EndGlobalSection
EndGlobal
