<?xml version="1.0" encoding="utf-8"?>
<Project ToolsVersion="4.0" xmlns="http://schemas.microsoft.com/developer/msbuild/2003">
  <ItemGroup>
    <None Include="out.def" />
  </ItemGroup>
  <ItemGroup>
    <Filter Include="Control">
      <UniqueIdentifier>{b8d52ef7-10a7-4aaf-b683-6ca810e591b7}</UniqueIdentifier>
    </Filter>
    <Filter Include="Control\Normal">
      <UniqueIdentifier>{6454fb07-35a1-4bec-86ca-6feff1b32833}</UniqueIdentifier>
    </Filter>
  </ItemGroup>
  <ItemGroup>
    <ClInclude Include="BlurText\UIBlurText.h">
      <Filter>Control\Normal</Filter>
    </ClInclude>
    <ClInclude Include="common.h" />
  </ItemGroup>
  <ItemGroup>
    <ClCompile Include="BlurText\UIBlurText.cpp">
      <Filter>Control\Normal</Filter>
    </ClCompile>
    <ClCompile Include="main.cpp" />
  </ItemGroup>
</Project>