<?xml version="1.0" encoding="utf-8"?>
<Project ToolsVersion="4.0" xmlns="http://schemas.microsoft.com/developer/msbuild/2003">
  <ItemGroup>
    <Filter Include="header">
      <UniqueIdentifier>{93995380-89BD-4b04-88EB-625FBE52EBFB}</UniqueIdentifier>
      <Extensions>h;hh;hpp;hxx;hm;inl;inc;xsd</Extensions>
    </Filter>
    <Filter Include="source">
      <UniqueIdentifier>{4FC737F1-C7A5-4376-A066-2A32D752A2FF}</UniqueIdentifier>
      <Extensions>cpp;c;cc;cxx;def;odl;idl;hpj;bat;asm;asmx</Extensions>
    </Filter>
    <Filter Include="resource">
      <UniqueIdentifier>{d8108cb5-849b-41ce-a755-576bfd31f9a9}</UniqueIdentifier>
    </Filter>
  </ItemGroup>
  <ItemGroup>
    <ResourceCompile Include="res.rc">
      <Filter>resource</Filter>
    </ResourceCompile>
  </ItemGroup>
  <ItemGroup>
    <Image Include="25.ico">
      <Filter>resource</Filter>
    </Image>
  </ItemGroup>
  <ItemGroup>
    <ClCompile Include="main.cpp">
      <Filter>source</Filter>
    </ClCompile>
  </ItemGroup>
  <ItemGroup>
    <Natvis Include="..\src\naivis\ui_control.natvis" />
    <Natvis Include="..\src\naivis\z_hash.natvis" />
    <Natvis Include="..\src\naivis\z_sharedarray.natvis" />
    <Natvis Include="..\src\naivis\z_string.natvis" />
    <Natvis Include="..\src\naivis\z_string_view.natvis" />
    <Natvis Include="..\src\naivis\z_vector.natvis" />
    <Natvis Include="..\src\naivis\color.natvis" />
    <Natvis Include="..\src\naivis\float.natvis" />
    <Natvis Include="..\src\naivis\result.natvis" />
    <Natvis Include="..\src\naivis\simpax.natvis" />
    <Natvis Include="..\RichED\ed_txtedit.natvis" />
  </ItemGroup>
</Project>